// !$*UTF8*$!
{
	archiveVersion = 1;
	classes = {
	};
	objectVersion = 46;
	objects = {

/* Begin PBXBuildFile section */
		891ACC681C8D5AF0008BCA23 /* MoreCell.m in Sources */ = {isa = PBXBuildFile; fileRef = 891ACC661C8D5AF0008BCA23 /* MoreCell.m */; };
		891ACC691C8D5AF0008BCA23 /* MoreCell.xib in Resources */ = {isa = PBXBuildFile; fileRef = 891ACC671C8D5AF0008BCA23 /* MoreCell.xib */; };
		891ACC7E1C8D8746008BCA23 /* SCLAlertView.m in Sources */ = {isa = PBXBuildFile; fileRef = 891ACC6E1C8D8746008BCA23 /* SCLAlertView.m */; };
		891ACC7F1C8D8746008BCA23 /* SCLAlertViewResponder.m in Sources */ = {isa = PBXBuildFile; fileRef = 891ACC701C8D8746008BCA23 /* SCLAlertViewResponder.m */; };
		891ACC801C8D8746008BCA23 /* SCLAlertViewStyleKit.m in Sources */ = {isa = PBXBuildFile; fileRef = 891ACC721C8D8746008BCA23 /* SCLAlertViewStyleKit.m */; };
		891ACC811C8D8746008BCA23 /* SCLButton.m in Sources */ = {isa = PBXBuildFile; fileRef = 891ACC741C8D8746008BCA23 /* SCLButton.m */; };
		891ACC821C8D8746008BCA23 /* SCLSwitchView.m in Sources */ = {isa = PBXBuildFile; fileRef = 891ACC771C8D8746008BCA23 /* SCLSwitchView.m */; };
		891ACC831C8D8746008BCA23 /* SCLTextView.m in Sources */ = {isa = PBXBuildFile; fileRef = 891ACC791C8D8746008BCA23 /* SCLTextView.m */; };
		891ACC841C8D8746008BCA23 /* SCLTimerDisplay.m in Sources */ = {isa = PBXBuildFile; fileRef = 891ACC7B1C8D8746008BCA23 /* SCLTimerDisplay.m */; };
		891ACC851C8D8746008BCA23 /* UIImage+ImageEffects.m in Sources */ = {isa = PBXBuildFile; fileRef = 891ACC7D1C8D8746008BCA23 /* UIImage+ImageEffects.m */; };
		891ACC8B1C8DC520008BCA23 /* WorkerDetailViewController.m in Sources */ = {isa = PBXBuildFile; fileRef = 891ACC8A1C8DC520008BCA23 /* WorkerDetailViewController.m */; };
		891ACCA11C8DCA66008BCA23 /* AFAutoPurgingImageCache.m in Sources */ = {isa = PBXBuildFile; fileRef = 891ACC8E1C8DCA66008BCA23 /* AFAutoPurgingImageCache.m */; };
		891ACCA21C8DCA66008BCA23 /* AFImageDownloader.m in Sources */ = {isa = PBXBuildFile; fileRef = 891ACC901C8DCA66008BCA23 /* AFImageDownloader.m */; };
		891ACCA31C8DCA66008BCA23 /* AFNetworkActivityIndicatorManager.m in Sources */ = {isa = PBXBuildFile; fileRef = 891ACC921C8DCA66008BCA23 /* AFNetworkActivityIndicatorManager.m */; };
		891ACCA41C8DCA66008BCA23 /* UIActivityIndicatorView+AFNetworking.m in Sources */ = {isa = PBXBuildFile; fileRef = 891ACC941C8DCA66008BCA23 /* UIActivityIndicatorView+AFNetworking.m */; };
		891ACCA51C8DCA66008BCA23 /* UIButton+AFNetworking.m in Sources */ = {isa = PBXBuildFile; fileRef = 891ACC961C8DCA66008BCA23 /* UIButton+AFNetworking.m */; };
		891ACCA61C8DCA66008BCA23 /* UIImageView+AFNetworking.m in Sources */ = {isa = PBXBuildFile; fileRef = 891ACC991C8DCA66008BCA23 /* UIImageView+AFNetworking.m */; };
		891ACCA71C8DCA66008BCA23 /* UIProgressView+AFNetworking.m in Sources */ = {isa = PBXBuildFile; fileRef = 891ACC9C1C8DCA66008BCA23 /* UIProgressView+AFNetworking.m */; };
		891ACCA81C8DCA66008BCA23 /* UIRefreshControl+AFNetworking.m in Sources */ = {isa = PBXBuildFile; fileRef = 891ACC9E1C8DCA66008BCA23 /* UIRefreshControl+AFNetworking.m */; };
		891ACCA91C8DCA66008BCA23 /* UIWebView+AFNetworking.m in Sources */ = {isa = PBXBuildFile; fileRef = 891ACCA01C8DCA66008BCA23 /* UIWebView+AFNetworking.m */; };
		891ACCB81C8DCBB1008BCA23 /* AFHTTPSessionManager.m in Sources */ = {isa = PBXBuildFile; fileRef = 891ACCAC1C8DCBB1008BCA23 /* AFHTTPSessionManager.m */; };
		891ACCB91C8DCBB1008BCA23 /* AFNetworkReachabilityManager.m in Sources */ = {isa = PBXBuildFile; fileRef = 891ACCAF1C8DCBB1008BCA23 /* AFNetworkReachabilityManager.m */; };
		891ACCBA1C8DCBB1008BCA23 /* AFSecurityPolicy.m in Sources */ = {isa = PBXBuildFile; fileRef = 891ACCB11C8DCBB1008BCA23 /* AFSecurityPolicy.m */; };
		891ACCBB1C8DCBB1008BCA23 /* AFURLRequestSerialization.m in Sources */ = {isa = PBXBuildFile; fileRef = 891ACCB31C8DCBB1008BCA23 /* AFURLRequestSerialization.m */; };
		891ACCBC1C8DCBB1008BCA23 /* AFURLResponseSerialization.m in Sources */ = {isa = PBXBuildFile; fileRef = 891ACCB51C8DCBB1008BCA23 /* AFURLResponseSerialization.m */; };
		891ACCBD1C8DCBB1008BCA23 /* AFURLSessionManager.m in Sources */ = {isa = PBXBuildFile; fileRef = 891ACCB71C8DCBB1008BCA23 /* AFURLSessionManager.m */; };
		894190981C9146B60005269B /* Skill.m in Sources */ = {isa = PBXBuildFile; fileRef = 894190971C9146B60005269B /* Skill.m */; };
		8941909C1C915D9E0005269B /* EducationViewController.m in Sources */ = {isa = PBXBuildFile; fileRef = 8941909B1C915D9E0005269B /* EducationViewController.m */; };
		894190A01C9162340005269B /* LanguageViewController.m in Sources */ = {isa = PBXBuildFile; fileRef = 8941909F1C9162340005269B /* LanguageViewController.m */; };
		894190A41C916CEB0005269B /* SkillViewController.m in Sources */ = {isa = PBXBuildFile; fileRef = 894190A31C916CEB0005269B /* SkillViewController.m */; };
		894190A71C919F0A0005269B /* Worker.m in Sources */ = {isa = PBXBuildFile; fileRef = 894190A61C919F0A0005269B /* Worker.m */; };
		8941910B1C91A1910005269B /* MagicalImportFunctions.m in Sources */ = {isa = PBXBuildFile; fileRef = 894190AD1C91A1910005269B /* MagicalImportFunctions.m */; };
		8941910C1C91A1910005269B /* NSAttributeDescription+MagicalDataImport.m in Sources */ = {isa = PBXBuildFile; fileRef = 894190AF1C91A1910005269B /* NSAttributeDescription+MagicalDataImport.m */; };
		8941910D1C91A1910005269B /* NSEntityDescription+MagicalDataImport.m in Sources */ = {isa = PBXBuildFile; fileRef = 894190B11C91A1910005269B /* NSEntityDescription+MagicalDataImport.m */; };
		8941910E1C91A1910005269B /* NSNumber+MagicalDataImport.m in Sources */ = {isa = PBXBuildFile; fileRef = 894190B31C91A1910005269B /* NSNumber+MagicalDataImport.m */; };
		8941910F1C91A1910005269B /* NSObject+MagicalDataImport.m in Sources */ = {isa = PBXBuildFile; fileRef = 894190B51C91A1910005269B /* NSObject+MagicalDataImport.m */; };
		894191101C91A1910005269B /* NSRelationshipDescription+MagicalDataImport.m in Sources */ = {isa = PBXBuildFile; fileRef = 894190B71C91A1910005269B /* NSRelationshipDescription+MagicalDataImport.m */; };
		894191111C91A1910005269B /* NSString+MagicalDataImport.m in Sources */ = {isa = PBXBuildFile; fileRef = 894190B91C91A1910005269B /* NSString+MagicalDataImport.m */; };
		894191121C91A1910005269B /* NSManagedObject+MagicalAggregation.m in Sources */ = {isa = PBXBuildFile; fileRef = 894190BC1C91A1910005269B /* NSManagedObject+MagicalAggregation.m */; };
		894191131C91A1910005269B /* NSManagedObject+MagicalDataImport.m in Sources */ = {isa = PBXBuildFile; fileRef = 894190BE1C91A1910005269B /* NSManagedObject+MagicalDataImport.m */; };
		894191141C91A1910005269B /* NSManagedObject+MagicalFinders.m in Sources */ = {isa = PBXBuildFile; fileRef = 894190C01C91A1910005269B /* NSManagedObject+MagicalFinders.m */; };
		894191151C91A1910005269B /* NSManagedObject+MagicalRecord.m in Sources */ = {isa = PBXBuildFile; fileRef = 894190C21C91A1910005269B /* NSManagedObject+MagicalRecord.m */; };
		894191161C91A1910005269B /* NSManagedObject+MagicalRequests.m in Sources */ = {isa = PBXBuildFile; fileRef = 894190C41C91A1910005269B /* NSManagedObject+MagicalRequests.m */; };
		894191171C91A1910005269B /* NSManagedObjectContext+MagicalChainSave.m in Sources */ = {isa = PBXBuildFile; fileRef = 894190C71C91A1910005269B /* NSManagedObjectContext+MagicalChainSave.m */; };
		894191181C91A1910005269B /* NSManagedObjectContext+MagicalObserving.m in Sources */ = {isa = PBXBuildFile; fileRef = 894190C91C91A1910005269B /* NSManagedObjectContext+MagicalObserving.m */; };
		894191191C91A1910005269B /* NSManagedObjectContext+MagicalRecord.m in Sources */ = {isa = PBXBuildFile; fileRef = 894190CB1C91A1910005269B /* NSManagedObjectContext+MagicalRecord.m */; };
		8941911A1C91A1910005269B /* NSManagedObjectContext+MagicalSaves.m in Sources */ = {isa = PBXBuildFile; fileRef = 894190CD1C91A1910005269B /* NSManagedObjectContext+MagicalSaves.m */; };
		8941911B1C91A1910005269B /* NSManagedObjectContext+MagicalThreading.m in Sources */ = {isa = PBXBuildFile; fileRef = 894190CF1C91A1910005269B /* NSManagedObjectContext+MagicalThreading.m */; };
		8941911C1C91A1910005269B /* NSManagedObjectModel+MagicalRecord.m in Sources */ = {isa = PBXBuildFile; fileRef = 894190D11C91A1910005269B /* NSManagedObjectModel+MagicalRecord.m */; };
		8941911D1C91A1910005269B /* NSPersistentStore+MagicalRecord.m in Sources */ = {isa = PBXBuildFile; fileRef = 894190D31C91A1910005269B /* NSPersistentStore+MagicalRecord.m */; };
		8941911E1C91A1910005269B /* NSPersistentStoreCoordinator+MagicalRecord.m in Sources */ = {isa = PBXBuildFile; fileRef = 894190D51C91A1910005269B /* NSPersistentStoreCoordinator+MagicalRecord.m */; };
		8941911F1C91A1910005269B /* MagicalRecord+Actions.m in Sources */ = {isa = PBXBuildFile; fileRef = 894190D81C91A1910005269B /* MagicalRecord+Actions.m */; };
		894191201C91A1910005269B /* MagicalRecord+ErrorHandling.m in Sources */ = {isa = PBXBuildFile; fileRef = 894190DA1C91A1910005269B /* MagicalRecord+ErrorHandling.m */; };
		894191211C91A1910005269B /* MagicalRecord+iCloud.m in Sources */ = {isa = PBXBuildFile; fileRef = 894190DC1C91A1910005269B /* MagicalRecord+iCloud.m */; };
		894191221C91A1910005269B /* MagicalRecord+Options.m in Sources */ = {isa = PBXBuildFile; fileRef = 894190DE1C91A1910005269B /* MagicalRecord+Options.m */; };
		894191231C91A1910005269B /* MagicalRecord+Setup.m in Sources */ = {isa = PBXBuildFile; fileRef = 894190E01C91A1910005269B /* MagicalRecord+Setup.m */; };
		894191241C91A1910005269B /* MagicalRecord+ShorthandMethods.m in Sources */ = {isa = PBXBuildFile; fileRef = 894190E21C91A1910005269B /* MagicalRecord+ShorthandMethods.m */; };
		894191251C91A1910005269B /* MagicalRecordInternal.m in Sources */ = {isa = PBXBuildFile; fileRef = 894190E51C91A1910005269B /* MagicalRecordInternal.m */; };
		894191261C91A1910005269B /* MKAnnotationView+WebCache.m in Sources */ = {isa = PBXBuildFile; fileRef = 894190EB1C91A1910005269B /* MKAnnotationView+WebCache.m */; };
		894191271C91A1910005269B /* NSData+ImageContentType.m in Sources */ = {isa = PBXBuildFile; fileRef = 894190ED1C91A1910005269B /* NSData+ImageContentType.m */; };
		894191281C91A1910005269B /* SDImageCache.m in Sources */ = {isa = PBXBuildFile; fileRef = 894190EF1C91A1910005269B /* SDImageCache.m */; };
		894191291C91A1910005269B /* SDWebImageCompat.m in Sources */ = {isa = PBXBuildFile; fileRef = 894190F11C91A1910005269B /* SDWebImageCompat.m */; };
		8941912A1C91A1910005269B /* SDWebImageDecoder.m in Sources */ = {isa = PBXBuildFile; fileRef = 894190F31C91A1910005269B /* SDWebImageDecoder.m */; };
		8941912B1C91A1910005269B /* SDWebImageDownloader.m in Sources */ = {isa = PBXBuildFile; fileRef = 894190F51C91A1910005269B /* SDWebImageDownloader.m */; };
		8941912C1C91A1910005269B /* SDWebImageDownloaderOperation.m in Sources */ = {isa = PBXBuildFile; fileRef = 894190F71C91A1910005269B /* SDWebImageDownloaderOperation.m */; };
		8941912D1C91A1910005269B /* SDWebImageManager.m in Sources */ = {isa = PBXBuildFile; fileRef = 894190F91C91A1910005269B /* SDWebImageManager.m */; };
		8941912E1C91A1910005269B /* SDWebImagePrefetcher.m in Sources */ = {isa = PBXBuildFile; fileRef = 894190FC1C91A1910005269B /* SDWebImagePrefetcher.m */; };
		8941912F1C91A1910005269B /* UIButton+WebCache.m in Sources */ = {isa = PBXBuildFile; fileRef = 894190FE1C91A1910005269B /* UIButton+WebCache.m */; };
		894191301C91A1910005269B /* UIImage+GIF.m in Sources */ = {isa = PBXBuildFile; fileRef = 894191001C91A1910005269B /* UIImage+GIF.m */; };
		894191311C91A1910005269B /* UIImage+MultiFormat.m in Sources */ = {isa = PBXBuildFile; fileRef = 894191021C91A1910005269B /* UIImage+MultiFormat.m */; };
		894191321C91A1910005269B /* UIImage+WebP.m in Sources */ = {isa = PBXBuildFile; fileRef = 894191041C91A1910005269B /* UIImage+WebP.m */; };
		894191331C91A1910005269B /* UIImageView+HighlightedWebCache.m in Sources */ = {isa = PBXBuildFile; fileRef = 894191061C91A1910005269B /* UIImageView+HighlightedWebCache.m */; };
		894191341C91A1910005269B /* UIImageView+WebCache.m in Sources */ = {isa = PBXBuildFile; fileRef = 894191081C91A1910005269B /* UIImageView+WebCache.m */; };
		894191351C91A1910005269B /* UIView+WebCacheOperation.m in Sources */ = {isa = PBXBuildFile; fileRef = 8941910A1C91A1910005269B /* UIView+WebCacheOperation.m */; };
		89505C641C8CC121005148C2 /* WorkerViewController.m in Sources */ = {isa = PBXBuildFile; fileRef = 89505C631C8CC121005148C2 /* WorkerViewController.m */; };
		89505C681C8CC1B4005148C2 /* WorkerCell.m in Sources */ = {isa = PBXBuildFile; fileRef = 89505C661C8CC1B4005148C2 /* WorkerCell.m */; };
		89505C691C8CC1B4005148C2 /* WorkerCell.xib in Resources */ = {isa = PBXBuildFile; fileRef = 89505C671C8CC1B4005148C2 /* WorkerCell.xib */; };
		89C0AB9A1C8C7598008F6457 /* MainViewController.m in Sources */ = {isa = PBXBuildFile; fileRef = 89C0AB991C8C7598008F6457 /* MainViewController.m */; };
		89C0ABA61C8C7F54008F6457 /* JobTypeViewController.m in Sources */ = {isa = PBXBuildFile; fileRef = 89C0ABA51C8C7F54008F6457 /* JobTypeViewController.m */; };
		89C0ABAB1C8C821E008F6457 /* UIButton+Custom.m in Sources */ = {isa = PBXBuildFile; fileRef = 89C0ABAA1C8C821E008F6457 /* UIButton+Custom.m */; };
		89C0ABAE1C8C8A37008F6457 /* JobDetailViewController.m in Sources */ = {isa = PBXBuildFile; fileRef = 89C0ABAD1C8C8A37008F6457 /* JobDetailViewController.m */; };
		89C0ABB31C8C8E2C008F6457 /* DetailCell.m in Sources */ = {isa = PBXBuildFile; fileRef = 89C0ABB11C8C8E2C008F6457 /* DetailCell.m */; };
		89C0ABB41C8C8E2C008F6457 /* DetailCell.xib in Resources */ = {isa = PBXBuildFile; fileRef = 89C0ABB21C8C8E2C008F6457 /* DetailCell.xib */; };
		89C49C9B1C8C646500A16B83 /* main.m in Sources */ = {isa = PBXBuildFile; fileRef = 89C49C9A1C8C646500A16B83 /* main.m */; };
		89C49C9E1C8C646500A16B83 /* AppDelegate.m in Sources */ = {isa = PBXBuildFile; fileRef = 89C49C9D1C8C646500A16B83 /* AppDelegate.m */; };
		89C49CA41C8C646500A16B83 /* Main.storyboard in Resources */ = {isa = PBXBuildFile; fileRef = 89C49CA21C8C646500A16B83 /* Main.storyboard */; };
		89C49CA61C8C646500A16B83 /* Assets.xcassets in Resources */ = {isa = PBXBuildFile; fileRef = 89C49CA51C8C646500A16B83 /* Assets.xcassets */; };
		89C49CA91C8C646500A16B83 /* LaunchScreen.storyboard in Resources */ = {isa = PBXBuildFile; fileRef = 89C49CA71C8C646500A16B83 /* LaunchScreen.storyboard */; };
		89C49CB41C8C672600A16B83 /* Language.json in Resources */ = {isa = PBXBuildFile; fileRef = 89C49CB31C8C672600A16B83 /* Language.json */; };
		89C49CB71C8C6D4700A16B83 /* RegionViewController.m in Sources */ = {isa = PBXBuildFile; fileRef = 89C49CB61C8C6D4700A16B83 /* RegionViewController.m */; };
		89C49CBC1C8C71CF00A16B83 /* HexColors.m in Sources */ = {isa = PBXBuildFile; fileRef = 89C49CBB1C8C71CF00A16B83 /* HexColors.m */; };
/* End PBXBuildFile section */

/* Begin PBXFileReference section */
		891ACC651C8D5AF0008BCA23 /* MoreCell.h */ = {isa = PBXFileReference; fileEncoding = 4; lastKnownFileType = sourcecode.c.h; path = MoreCell.h; sourceTree = "<group>"; };
		891ACC661C8D5AF0008BCA23 /* MoreCell.m */ = {isa = PBXFileReference; fileEncoding = 4; lastKnownFileType = sourcecode.c.objc; path = MoreCell.m; sourceTree = "<group>"; };
		891ACC671C8D5AF0008BCA23 /* MoreCell.xib */ = {isa = PBXFileReference; fileEncoding = 4; lastKnownFileType = file.xib; path = MoreCell.xib; sourceTree = "<group>"; };
		891ACC6D1C8D8746008BCA23 /* SCLAlertView.h */ = {isa = PBXFileReference; fileEncoding = 4; lastKnownFileType = sourcecode.c.h; path = SCLAlertView.h; sourceTree = "<group>"; };
		891ACC6E1C8D8746008BCA23 /* SCLAlertView.m */ = {isa = PBXFileReference; fileEncoding = 4; lastKnownFileType = sourcecode.c.objc; path = SCLAlertView.m; sourceTree = "<group>"; };
		891ACC6F1C8D8746008BCA23 /* SCLAlertViewResponder.h */ = {isa = PBXFileReference; fileEncoding = 4; lastKnownFileType = sourcecode.c.h; path = SCLAlertViewResponder.h; sourceTree = "<group>"; };
		891ACC701C8D8746008BCA23 /* SCLAlertViewResponder.m */ = {isa = PBXFileReference; fileEncoding = 4; lastKnownFileType = sourcecode.c.objc; path = SCLAlertViewResponder.m; sourceTree = "<group>"; };
		891ACC711C8D8746008BCA23 /* SCLAlertViewStyleKit.h */ = {isa = PBXFileReference; fileEncoding = 4; lastKnownFileType = sourcecode.c.h; path = SCLAlertViewStyleKit.h; sourceTree = "<group>"; };
		891ACC721C8D8746008BCA23 /* SCLAlertViewStyleKit.m */ = {isa = PBXFileReference; fileEncoding = 4; lastKnownFileType = sourcecode.c.objc; path = SCLAlertViewStyleKit.m; sourceTree = "<group>"; };
		891ACC731C8D8746008BCA23 /* SCLButton.h */ = {isa = PBXFileReference; fileEncoding = 4; lastKnownFileType = sourcecode.c.h; path = SCLButton.h; sourceTree = "<group>"; };
		891ACC741C8D8746008BCA23 /* SCLButton.m */ = {isa = PBXFileReference; fileEncoding = 4; lastKnownFileType = sourcecode.c.objc; path = SCLButton.m; sourceTree = "<group>"; };
		891ACC751C8D8746008BCA23 /* SCLMacros.h */ = {isa = PBXFileReference; fileEncoding = 4; lastKnownFileType = sourcecode.c.h; path = SCLMacros.h; sourceTree = "<group>"; };
		891ACC761C8D8746008BCA23 /* SCLSwitchView.h */ = {isa = PBXFileReference; fileEncoding = 4; lastKnownFileType = sourcecode.c.h; path = SCLSwitchView.h; sourceTree = "<group>"; };
		891ACC771C8D8746008BCA23 /* SCLSwitchView.m */ = {isa = PBXFileReference; fileEncoding = 4; lastKnownFileType = sourcecode.c.objc; path = SCLSwitchView.m; sourceTree = "<group>"; };
		891ACC781C8D8746008BCA23 /* SCLTextView.h */ = {isa = PBXFileReference; fileEncoding = 4; lastKnownFileType = sourcecode.c.h; path = SCLTextView.h; sourceTree = "<group>"; };
		891ACC791C8D8746008BCA23 /* SCLTextView.m */ = {isa = PBXFileReference; fileEncoding = 4; lastKnownFileType = sourcecode.c.objc; path = SCLTextView.m; sourceTree = "<group>"; };
		891ACC7A1C8D8746008BCA23 /* SCLTimerDisplay.h */ = {isa = PBXFileReference; fileEncoding = 4; lastKnownFileType = sourcecode.c.h; path = SCLTimerDisplay.h; sourceTree = "<group>"; };
		891ACC7B1C8D8746008BCA23 /* SCLTimerDisplay.m */ = {isa = PBXFileReference; fileEncoding = 4; lastKnownFileType = sourcecode.c.objc; path = SCLTimerDisplay.m; sourceTree = "<group>"; };
		891ACC7C1C8D8746008BCA23 /* UIImage+ImageEffects.h */ = {isa = PBXFileReference; fileEncoding = 4; lastKnownFileType = sourcecode.c.h; path = "UIImage+ImageEffects.h"; sourceTree = "<group>"; };
		891ACC7D1C8D8746008BCA23 /* UIImage+ImageEffects.m */ = {isa = PBXFileReference; fileEncoding = 4; lastKnownFileType = sourcecode.c.objc; path = "UIImage+ImageEffects.m"; sourceTree = "<group>"; };
		891ACC861C8DC1C5008BCA23 /* QuickLook.framework */ = {isa = PBXFileReference; lastKnownFileType = wrapper.framework; name = QuickLook.framework; path = System/Library/Frameworks/QuickLook.framework; sourceTree = SDKROOT; };
		891ACC891C8DC520008BCA23 /* WorkerDetailViewController.h */ = {isa = PBXFileReference; fileEncoding = 4; lastKnownFileType = sourcecode.c.h; path = WorkerDetailViewController.h; sourceTree = "<group>"; };
		891ACC8A1C8DC520008BCA23 /* WorkerDetailViewController.m */ = {isa = PBXFileReference; fileEncoding = 4; lastKnownFileType = sourcecode.c.objc; path = WorkerDetailViewController.m; sourceTree = "<group>"; };
		891ACC8D1C8DCA66008BCA23 /* AFAutoPurgingImageCache.h */ = {isa = PBXFileReference; fileEncoding = 4; lastKnownFileType = sourcecode.c.h; path = AFAutoPurgingImageCache.h; sourceTree = "<group>"; };
		891ACC8E1C8DCA66008BCA23 /* AFAutoPurgingImageCache.m */ = {isa = PBXFileReference; fileEncoding = 4; lastKnownFileType = sourcecode.c.objc; path = AFAutoPurgingImageCache.m; sourceTree = "<group>"; };
		891ACC8F1C8DCA66008BCA23 /* AFImageDownloader.h */ = {isa = PBXFileReference; fileEncoding = 4; lastKnownFileType = sourcecode.c.h; path = AFImageDownloader.h; sourceTree = "<group>"; };
		891ACC901C8DCA66008BCA23 /* AFImageDownloader.m */ = {isa = PBXFileReference; fileEncoding = 4; lastKnownFileType = sourcecode.c.objc; path = AFImageDownloader.m; sourceTree = "<group>"; };
		891ACC911C8DCA66008BCA23 /* AFNetworkActivityIndicatorManager.h */ = {isa = PBXFileReference; fileEncoding = 4; lastKnownFileType = sourcecode.c.h; path = AFNetworkActivityIndicatorManager.h; sourceTree = "<group>"; };
		891ACC921C8DCA66008BCA23 /* AFNetworkActivityIndicatorManager.m */ = {isa = PBXFileReference; fileEncoding = 4; lastKnownFileType = sourcecode.c.objc; path = AFNetworkActivityIndicatorManager.m; sourceTree = "<group>"; };
		891ACC931C8DCA66008BCA23 /* UIActivityIndicatorView+AFNetworking.h */ = {isa = PBXFileReference; fileEncoding = 4; lastKnownFileType = sourcecode.c.h; path = "UIActivityIndicatorView+AFNetworking.h"; sourceTree = "<group>"; };
		891ACC941C8DCA66008BCA23 /* UIActivityIndicatorView+AFNetworking.m */ = {isa = PBXFileReference; fileEncoding = 4; lastKnownFileType = sourcecode.c.objc; path = "UIActivityIndicatorView+AFNetworking.m"; sourceTree = "<group>"; };
		891ACC951C8DCA66008BCA23 /* UIButton+AFNetworking.h */ = {isa = PBXFileReference; fileEncoding = 4; lastKnownFileType = sourcecode.c.h; path = "UIButton+AFNetworking.h"; sourceTree = "<group>"; };
		891ACC961C8DCA66008BCA23 /* UIButton+AFNetworking.m */ = {isa = PBXFileReference; fileEncoding = 4; lastKnownFileType = sourcecode.c.objc; path = "UIButton+AFNetworking.m"; sourceTree = "<group>"; };
		891ACC971C8DCA66008BCA23 /* UIImage+AFNetworking.h */ = {isa = PBXFileReference; fileEncoding = 4; lastKnownFileType = sourcecode.c.h; path = "UIImage+AFNetworking.h"; sourceTree = "<group>"; };
		891ACC981C8DCA66008BCA23 /* UIImageView+AFNetworking.h */ = {isa = PBXFileReference; fileEncoding = 4; lastKnownFileType = sourcecode.c.h; path = "UIImageView+AFNetworking.h"; sourceTree = "<group>"; };
		891ACC991C8DCA66008BCA23 /* UIImageView+AFNetworking.m */ = {isa = PBXFileReference; fileEncoding = 4; lastKnownFileType = sourcecode.c.objc; path = "UIImageView+AFNetworking.m"; sourceTree = "<group>"; };
		891ACC9A1C8DCA66008BCA23 /* UIKit+AFNetworking.h */ = {isa = PBXFileReference; fileEncoding = 4; lastKnownFileType = sourcecode.c.h; path = "UIKit+AFNetworking.h"; sourceTree = "<group>"; };
		891ACC9B1C8DCA66008BCA23 /* UIProgressView+AFNetworking.h */ = {isa = PBXFileReference; fileEncoding = 4; lastKnownFileType = sourcecode.c.h; path = "UIProgressView+AFNetworking.h"; sourceTree = "<group>"; };
		891ACC9C1C8DCA66008BCA23 /* UIProgressView+AFNetworking.m */ = {isa = PBXFileReference; fileEncoding = 4; lastKnownFileType = sourcecode.c.objc; path = "UIProgressView+AFNetworking.m"; sourceTree = "<group>"; };
		891ACC9D1C8DCA66008BCA23 /* UIRefreshControl+AFNetworking.h */ = {isa = PBXFileReference; fileEncoding = 4; lastKnownFileType = sourcecode.c.h; path = "UIRefreshControl+AFNetworking.h"; sourceTree = "<group>"; };
		891ACC9E1C8DCA66008BCA23 /* UIRefreshControl+AFNetworking.m */ = {isa = PBXFileReference; fileEncoding = 4; lastKnownFileType = sourcecode.c.objc; path = "UIRefreshControl+AFNetworking.m"; sourceTree = "<group>"; };
		891ACC9F1C8DCA66008BCA23 /* UIWebView+AFNetworking.h */ = {isa = PBXFileReference; fileEncoding = 4; lastKnownFileType = sourcecode.c.h; path = "UIWebView+AFNetworking.h"; sourceTree = "<group>"; };
		891ACCA01C8DCA66008BCA23 /* UIWebView+AFNetworking.m */ = {isa = PBXFileReference; fileEncoding = 4; lastKnownFileType = sourcecode.c.objc; path = "UIWebView+AFNetworking.m"; sourceTree = "<group>"; };
		891ACCAB1C8DCBB1008BCA23 /* AFHTTPSessionManager.h */ = {isa = PBXFileReference; fileEncoding = 4; lastKnownFileType = sourcecode.c.h; path = AFHTTPSessionManager.h; sourceTree = "<group>"; };
		891ACCAC1C8DCBB1008BCA23 /* AFHTTPSessionManager.m */ = {isa = PBXFileReference; fileEncoding = 4; lastKnownFileType = sourcecode.c.objc; path = AFHTTPSessionManager.m; sourceTree = "<group>"; };
		891ACCAD1C8DCBB1008BCA23 /* AFNetworking.h */ = {isa = PBXFileReference; fileEncoding = 4; lastKnownFileType = sourcecode.c.h; path = AFNetworking.h; sourceTree = "<group>"; };
		891ACCAE1C8DCBB1008BCA23 /* AFNetworkReachabilityManager.h */ = {isa = PBXFileReference; fileEncoding = 4; lastKnownFileType = sourcecode.c.h; path = AFNetworkReachabilityManager.h; sourceTree = "<group>"; };
		891ACCAF1C8DCBB1008BCA23 /* AFNetworkReachabilityManager.m */ = {isa = PBXFileReference; fileEncoding = 4; lastKnownFileType = sourcecode.c.objc; path = AFNetworkReachabilityManager.m; sourceTree = "<group>"; };
		891ACCB01C8DCBB1008BCA23 /* AFSecurityPolicy.h */ = {isa = PBXFileReference; fileEncoding = 4; lastKnownFileType = sourcecode.c.h; path = AFSecurityPolicy.h; sourceTree = "<group>"; };
		891ACCB11C8DCBB1008BCA23 /* AFSecurityPolicy.m */ = {isa = PBXFileReference; fileEncoding = 4; lastKnownFileType = sourcecode.c.objc; path = AFSecurityPolicy.m; sourceTree = "<group>"; };
		891ACCB21C8DCBB1008BCA23 /* AFURLRequestSerialization.h */ = {isa = PBXFileReference; fileEncoding = 4; lastKnownFileType = sourcecode.c.h; path = AFURLRequestSerialization.h; sourceTree = "<group>"; };
		891ACCB31C8DCBB1008BCA23 /* AFURLRequestSerialization.m */ = {isa = PBXFileReference; fileEncoding = 4; lastKnownFileType = sourcecode.c.objc; path = AFURLRequestSerialization.m; sourceTree = "<group>"; };
		891ACCB41C8DCBB1008BCA23 /* AFURLResponseSerialization.h */ = {isa = PBXFileReference; fileEncoding = 4; lastKnownFileType = sourcecode.c.h; path = AFURLResponseSerialization.h; sourceTree = "<group>"; };
		891ACCB51C8DCBB1008BCA23 /* AFURLResponseSerialization.m */ = {isa = PBXFileReference; fileEncoding = 4; lastKnownFileType = sourcecode.c.objc; path = AFURLResponseSerialization.m; sourceTree = "<group>"; };
		891ACCB61C8DCBB1008BCA23 /* AFURLSessionManager.h */ = {isa = PBXFileReference; fileEncoding = 4; lastKnownFileType = sourcecode.c.h; path = AFURLSessionManager.h; sourceTree = "<group>"; };
		891ACCB71C8DCBB1008BCA23 /* AFURLSessionManager.m */ = {isa = PBXFileReference; fileEncoding = 4; lastKnownFileType = sourcecode.c.objc; path = AFURLSessionManager.m; sourceTree = "<group>"; };
		894190961C9146B60005269B /* Skill.h */ = {isa = PBXFileReference; fileEncoding = 4; lastKnownFileType = sourcecode.c.h; path = Skill.h; sourceTree = "<group>"; };
		894190971C9146B60005269B /* Skill.m */ = {isa = PBXFileReference; fileEncoding = 4; lastKnownFileType = sourcecode.c.objc; path = Skill.m; sourceTree = "<group>"; };
		8941909A1C915D9E0005269B /* EducationViewController.h */ = {isa = PBXFileReference; fileEncoding = 4; lastKnownFileType = sourcecode.c.h; path = EducationViewController.h; sourceTree = "<group>"; };
		8941909B1C915D9E0005269B /* EducationViewController.m */ = {isa = PBXFileReference; fileEncoding = 4; lastKnownFileType = sourcecode.c.objc; path = EducationViewController.m; sourceTree = "<group>"; };
		8941909E1C9162340005269B /* LanguageViewController.h */ = {isa = PBXFileReference; fileEncoding = 4; lastKnownFileType = sourcecode.c.h; path = LanguageViewController.h; sourceTree = "<group>"; };
		8941909F1C9162340005269B /* LanguageViewController.m */ = {isa = PBXFileReference; fileEncoding = 4; lastKnownFileType = sourcecode.c.objc; path = LanguageViewController.m; sourceTree = "<group>"; };
		894190A21C916CEB0005269B /* SkillViewController.h */ = {isa = PBXFileReference; fileEncoding = 4; lastKnownFileType = sourcecode.c.h; path = SkillViewController.h; sourceTree = "<group>"; };
		894190A31C916CEB0005269B /* SkillViewController.m */ = {isa = PBXFileReference; fileEncoding = 4; lastKnownFileType = sourcecode.c.objc; path = SkillViewController.m; sourceTree = "<group>"; };
		894190A51C919F0A0005269B /* Worker.h */ = {isa = PBXFileReference; fileEncoding = 4; lastKnownFileType = sourcecode.c.h; path = Worker.h; sourceTree = "<group>"; };
		894190A61C919F0A0005269B /* Worker.m */ = {isa = PBXFileReference; fileEncoding = 4; lastKnownFileType = sourcecode.c.objc; path = Worker.m; sourceTree = "<group>"; };
		894190AC1C91A1910005269B /* MagicalImportFunctions.h */ = {isa = PBXFileReference; fileEncoding = 4; lastKnownFileType = sourcecode.c.h; path = MagicalImportFunctions.h; sourceTree = "<group>"; };
		894190AD1C91A1910005269B /* MagicalImportFunctions.m */ = {isa = PBXFileReference; fileEncoding = 4; lastKnownFileType = sourcecode.c.objc; path = MagicalImportFunctions.m; sourceTree = "<group>"; };
		894190AE1C91A1910005269B /* NSAttributeDescription+MagicalDataImport.h */ = {isa = PBXFileReference; fileEncoding = 4; lastKnownFileType = sourcecode.c.h; path = "NSAttributeDescription+MagicalDataImport.h"; sourceTree = "<group>"; };
		894190AF1C91A1910005269B /* NSAttributeDescription+MagicalDataImport.m */ = {isa = PBXFileReference; fileEncoding = 4; lastKnownFileType = sourcecode.c.objc; path = "NSAttributeDescription+MagicalDataImport.m"; sourceTree = "<group>"; };
		894190B01C91A1910005269B /* NSEntityDescription+MagicalDataImport.h */ = {isa = PBXFileReference; fileEncoding = 4; lastKnownFileType = sourcecode.c.h; path = "NSEntityDescription+MagicalDataImport.h"; sourceTree = "<group>"; };
		894190B11C91A1910005269B /* NSEntityDescription+MagicalDataImport.m */ = {isa = PBXFileReference; fileEncoding = 4; lastKnownFileType = sourcecode.c.objc; path = "NSEntityDescription+MagicalDataImport.m"; sourceTree = "<group>"; };
		894190B21C91A1910005269B /* NSNumber+MagicalDataImport.h */ = {isa = PBXFileReference; fileEncoding = 4; lastKnownFileType = sourcecode.c.h; path = "NSNumber+MagicalDataImport.h"; sourceTree = "<group>"; };
		894190B31C91A1910005269B /* NSNumber+MagicalDataImport.m */ = {isa = PBXFileReference; fileEncoding = 4; lastKnownFileType = sourcecode.c.objc; path = "NSNumber+MagicalDataImport.m"; sourceTree = "<group>"; };
		894190B41C91A1910005269B /* NSObject+MagicalDataImport.h */ = {isa = PBXFileReference; fileEncoding = 4; lastKnownFileType = sourcecode.c.h; path = "NSObject+MagicalDataImport.h"; sourceTree = "<group>"; };
		894190B51C91A1910005269B /* NSObject+MagicalDataImport.m */ = {isa = PBXFileReference; fileEncoding = 4; lastKnownFileType = sourcecode.c.objc; path = "NSObject+MagicalDataImport.m"; sourceTree = "<group>"; };
		894190B61C91A1910005269B /* NSRelationshipDescription+MagicalDataImport.h */ = {isa = PBXFileReference; fileEncoding = 4; lastKnownFileType = sourcecode.c.h; path = "NSRelationshipDescription+MagicalDataImport.h"; sourceTree = "<group>"; };
		894190B71C91A1910005269B /* NSRelationshipDescription+MagicalDataImport.m */ = {isa = PBXFileReference; fileEncoding = 4; lastKnownFileType = sourcecode.c.objc; path = "NSRelationshipDescription+MagicalDataImport.m"; sourceTree = "<group>"; };
		894190B81C91A1910005269B /* NSString+MagicalDataImport.h */ = {isa = PBXFileReference; fileEncoding = 4; lastKnownFileType = sourcecode.c.h; path = "NSString+MagicalDataImport.h"; sourceTree = "<group>"; };
		894190B91C91A1910005269B /* NSString+MagicalDataImport.m */ = {isa = PBXFileReference; fileEncoding = 4; lastKnownFileType = sourcecode.c.objc; path = "NSString+MagicalDataImport.m"; sourceTree = "<group>"; };
		894190BB1C91A1910005269B /* NSManagedObject+MagicalAggregation.h */ = {isa = PBXFileReference; fileEncoding = 4; lastKnownFileType = sourcecode.c.h; path = "NSManagedObject+MagicalAggregation.h"; sourceTree = "<group>"; };
		894190BC1C91A1910005269B /* NSManagedObject+MagicalAggregation.m */ = {isa = PBXFileReference; fileEncoding = 4; lastKnownFileType = sourcecode.c.objc; path = "NSManagedObject+MagicalAggregation.m"; sourceTree = "<group>"; };
		894190BD1C91A1910005269B /* NSManagedObject+MagicalDataImport.h */ = {isa = PBXFileReference; fileEncoding = 4; lastKnownFileType = sourcecode.c.h; path = "NSManagedObject+MagicalDataImport.h"; sourceTree = "<group>"; };
		894190BE1C91A1910005269B /* NSManagedObject+MagicalDataImport.m */ = {isa = PBXFileReference; fileEncoding = 4; lastKnownFileType = sourcecode.c.objc; path = "NSManagedObject+MagicalDataImport.m"; sourceTree = "<group>"; };
		894190BF1C91A1910005269B /* NSManagedObject+MagicalFinders.h */ = {isa = PBXFileReference; fileEncoding = 4; lastKnownFileType = sourcecode.c.h; path = "NSManagedObject+MagicalFinders.h"; sourceTree = "<group>"; };
		894190C01C91A1910005269B /* NSManagedObject+MagicalFinders.m */ = {isa = PBXFileReference; fileEncoding = 4; lastKnownFileType = sourcecode.c.objc; path = "NSManagedObject+MagicalFinders.m"; sourceTree = "<group>"; };
		894190C11C91A1910005269B /* NSManagedObject+MagicalRecord.h */ = {isa = PBXFileReference; fileEncoding = 4; lastKnownFileType = sourcecode.c.h; path = "NSManagedObject+MagicalRecord.h"; sourceTree = "<group>"; };
		894190C21C91A1910005269B /* NSManagedObject+MagicalRecord.m */ = {isa = PBXFileReference; fileEncoding = 4; lastKnownFileType = sourcecode.c.objc; path = "NSManagedObject+MagicalRecord.m"; sourceTree = "<group>"; };
		894190C31C91A1910005269B /* NSManagedObject+MagicalRequests.h */ = {isa = PBXFileReference; fileEncoding = 4; lastKnownFileType = sourcecode.c.h; path = "NSManagedObject+MagicalRequests.h"; sourceTree = "<group>"; };
		894190C41C91A1910005269B /* NSManagedObject+MagicalRequests.m */ = {isa = PBXFileReference; fileEncoding = 4; lastKnownFileType = sourcecode.c.objc; path = "NSManagedObject+MagicalRequests.m"; sourceTree = "<group>"; };
		894190C61C91A1910005269B /* NSManagedObjectContext+MagicalChainSave.h */ = {isa = PBXFileReference; fileEncoding = 4; lastKnownFileType = sourcecode.c.h; path = "NSManagedObjectContext+MagicalChainSave.h"; sourceTree = "<group>"; };
		894190C71C91A1910005269B /* NSManagedObjectContext+MagicalChainSave.m */ = {isa = PBXFileReference; fileEncoding = 4; lastKnownFileType = sourcecode.c.objc; path = "NSManagedObjectContext+MagicalChainSave.m"; sourceTree = "<group>"; };
		894190C81C91A1910005269B /* NSManagedObjectContext+MagicalObserving.h */ = {isa = PBXFileReference; fileEncoding = 4; lastKnownFileType = sourcecode.c.h; path = "NSManagedObjectContext+MagicalObserving.h"; sourceTree = "<group>"; };
		894190C91C91A1910005269B /* NSManagedObjectContext+MagicalObserving.m */ = {isa = PBXFileReference; fileEncoding = 4; lastKnownFileType = sourcecode.c.objc; path = "NSManagedObjectContext+MagicalObserving.m"; sourceTree = "<group>"; };
		894190CA1C91A1910005269B /* NSManagedObjectContext+MagicalRecord.h */ = {isa = PBXFileReference; fileEncoding = 4; lastKnownFileType = sourcecode.c.h; path = "NSManagedObjectContext+MagicalRecord.h"; sourceTree = "<group>"; };
		894190CB1C91A1910005269B /* NSManagedObjectContext+MagicalRecord.m */ = {isa = PBXFileReference; fileEncoding = 4; lastKnownFileType = sourcecode.c.objc; path = "NSManagedObjectContext+MagicalRecord.m"; sourceTree = "<group>"; };
		894190CC1C91A1910005269B /* NSManagedObjectContext+MagicalSaves.h */ = {isa = PBXFileReference; fileEncoding = 4; lastKnownFileType = sourcecode.c.h; path = "NSManagedObjectContext+MagicalSaves.h"; sourceTree = "<group>"; };
		894190CD1C91A1910005269B /* NSManagedObjectContext+MagicalSaves.m */ = {isa = PBXFileReference; fileEncoding = 4; lastKnownFileType = sourcecode.c.objc; path = "NSManagedObjectContext+MagicalSaves.m"; sourceTree = "<group>"; };
		894190CE1C91A1910005269B /* NSManagedObjectContext+MagicalThreading.h */ = {isa = PBXFileReference; fileEncoding = 4; lastKnownFileType = sourcecode.c.h; path = "NSManagedObjectContext+MagicalThreading.h"; sourceTree = "<group>"; };
		894190CF1C91A1910005269B /* NSManagedObjectContext+MagicalThreading.m */ = {isa = PBXFileReference; fileEncoding = 4; lastKnownFileType = sourcecode.c.objc; path = "NSManagedObjectContext+MagicalThreading.m"; sourceTree = "<group>"; };
		894190D01C91A1910005269B /* NSManagedObjectModel+MagicalRecord.h */ = {isa = PBXFileReference; fileEncoding = 4; lastKnownFileType = sourcecode.c.h; path = "NSManagedObjectModel+MagicalRecord.h"; sourceTree = "<group>"; };
		894190D11C91A1910005269B /* NSManagedObjectModel+MagicalRecord.m */ = {isa = PBXFileReference; fileEncoding = 4; lastKnownFileType = sourcecode.c.objc; path = "NSManagedObjectModel+MagicalRecord.m"; sourceTree = "<group>"; };
		894190D21C91A1910005269B /* NSPersistentStore+MagicalRecord.h */ = {isa = PBXFileReference; fileEncoding = 4; lastKnownFileType = sourcecode.c.h; path = "NSPersistentStore+MagicalRecord.h"; sourceTree = "<group>"; };
		894190D31C91A1910005269B /* NSPersistentStore+MagicalRecord.m */ = {isa = PBXFileReference; fileEncoding = 4; lastKnownFileType = sourcecode.c.objc; path = "NSPersistentStore+MagicalRecord.m"; sourceTree = "<group>"; };
		894190D41C91A1910005269B /* NSPersistentStoreCoordinator+MagicalRecord.h */ = {isa = PBXFileReference; fileEncoding = 4; lastKnownFileType = sourcecode.c.h; path = "NSPersistentStoreCoordinator+MagicalRecord.h"; sourceTree = "<group>"; };
		894190D51C91A1910005269B /* NSPersistentStoreCoordinator+MagicalRecord.m */ = {isa = PBXFileReference; fileEncoding = 4; lastKnownFileType = sourcecode.c.objc; path = "NSPersistentStoreCoordinator+MagicalRecord.m"; sourceTree = "<group>"; };
		894190D71C91A1910005269B /* MagicalRecord+Actions.h */ = {isa = PBXFileReference; fileEncoding = 4; lastKnownFileType = sourcecode.c.h; path = "MagicalRecord+Actions.h"; sourceTree = "<group>"; };
		894190D81C91A1910005269B /* MagicalRecord+Actions.m */ = {isa = PBXFileReference; fileEncoding = 4; lastKnownFileType = sourcecode.c.objc; path = "MagicalRecord+Actions.m"; sourceTree = "<group>"; };
		894190D91C91A1910005269B /* MagicalRecord+ErrorHandling.h */ = {isa = PBXFileReference; fileEncoding = 4; lastKnownFileType = sourcecode.c.h; path = "MagicalRecord+ErrorHandling.h"; sourceTree = "<group>"; };
		894190DA1C91A1910005269B /* MagicalRecord+ErrorHandling.m */ = {isa = PBXFileReference; fileEncoding = 4; lastKnownFileType = sourcecode.c.objc; path = "MagicalRecord+ErrorHandling.m"; sourceTree = "<group>"; };
		894190DB1C91A1910005269B /* MagicalRecord+iCloud.h */ = {isa = PBXFileReference; fileEncoding = 4; lastKnownFileType = sourcecode.c.h; path = "MagicalRecord+iCloud.h"; sourceTree = "<group>"; };
		894190DC1C91A1910005269B /* MagicalRecord+iCloud.m */ = {isa = PBXFileReference; fileEncoding = 4; lastKnownFileType = sourcecode.c.objc; path = "MagicalRecord+iCloud.m"; sourceTree = "<group>"; };
		894190DD1C91A1910005269B /* MagicalRecord+Options.h */ = {isa = PBXFileReference; fileEncoding = 4; lastKnownFileType = sourcecode.c.h; path = "MagicalRecord+Options.h"; sourceTree = "<group>"; };
		894190DE1C91A1910005269B /* MagicalRecord+Options.m */ = {isa = PBXFileReference; fileEncoding = 4; lastKnownFileType = sourcecode.c.objc; path = "MagicalRecord+Options.m"; sourceTree = "<group>"; };
		894190DF1C91A1910005269B /* MagicalRecord+Setup.h */ = {isa = PBXFileReference; fileEncoding = 4; lastKnownFileType = sourcecode.c.h; path = "MagicalRecord+Setup.h"; sourceTree = "<group>"; };
		894190E01C91A1910005269B /* MagicalRecord+Setup.m */ = {isa = PBXFileReference; fileEncoding = 4; lastKnownFileType = sourcecode.c.objc; path = "MagicalRecord+Setup.m"; sourceTree = "<group>"; };
		894190E11C91A1910005269B /* MagicalRecord+ShorthandMethods.h */ = {isa = PBXFileReference; fileEncoding = 4; lastKnownFileType = sourcecode.c.h; path = "MagicalRecord+ShorthandMethods.h"; sourceTree = "<group>"; };
		894190E21C91A1910005269B /* MagicalRecord+ShorthandMethods.m */ = {isa = PBXFileReference; fileEncoding = 4; lastKnownFileType = sourcecode.c.objc; path = "MagicalRecord+ShorthandMethods.m"; sourceTree = "<group>"; };
		894190E31C91A1910005269B /* MagicalRecordDeprecationMacros.h */ = {isa = PBXFileReference; fileEncoding = 4; lastKnownFileType = sourcecode.c.h; path = MagicalRecordDeprecationMacros.h; sourceTree = "<group>"; };
		894190E41C91A1910005269B /* MagicalRecordInternal.h */ = {isa = PBXFileReference; fileEncoding = 4; lastKnownFileType = sourcecode.c.h; path = MagicalRecordInternal.h; sourceTree = "<group>"; };
		894190E51C91A1910005269B /* MagicalRecordInternal.m */ = {isa = PBXFileReference; fileEncoding = 4; lastKnownFileType = sourcecode.c.objc; path = MagicalRecordInternal.m; sourceTree = "<group>"; };
		894190E61C91A1910005269B /* MagicalRecordLogging.h */ = {isa = PBXFileReference; fileEncoding = 4; lastKnownFileType = sourcecode.c.h; path = MagicalRecordLogging.h; sourceTree = "<group>"; };
		894190E71C91A1910005269B /* MagicalRecordShorthandMethodAliases.h */ = {isa = PBXFileReference; fileEncoding = 4; lastKnownFileType = sourcecode.c.h; path = MagicalRecordShorthandMethodAliases.h; sourceTree = "<group>"; };
		894190E81C91A1910005269B /* MagicalRecordXcode7CompatibilityMacros.h */ = {isa = PBXFileReference; fileEncoding = 4; lastKnownFileType = sourcecode.c.h; path = MagicalRecordXcode7CompatibilityMacros.h; sourceTree = "<group>"; };
		894190E91C91A1910005269B /* MagicalRecord.h */ = {isa = PBXFileReference; fileEncoding = 4; lastKnownFileType = sourcecode.c.h; path = MagicalRecord.h; sourceTree = "<group>"; };
		894190EA1C91A1910005269B /* MKAnnotationView+WebCache.h */ = {isa = PBXFileReference; fileEncoding = 4; lastKnownFileType = sourcecode.c.h; path = "MKAnnotationView+WebCache.h"; sourceTree = "<group>"; };
		894190EB1C91A1910005269B /* MKAnnotationView+WebCache.m */ = {isa = PBXFileReference; fileEncoding = 4; lastKnownFileType = sourcecode.c.objc; path = "MKAnnotationView+WebCache.m"; sourceTree = "<group>"; };
		894190EC1C91A1910005269B /* NSData+ImageContentType.h */ = {isa = PBXFileReference; fileEncoding = 4; lastKnownFileType = sourcecode.c.h; path = "NSData+ImageContentType.h"; sourceTree = "<group>"; };
		894190ED1C91A1910005269B /* NSData+ImageContentType.m */ = {isa = PBXFileReference; fileEncoding = 4; lastKnownFileType = sourcecode.c.objc; path = "NSData+ImageContentType.m"; sourceTree = "<group>"; };
		894190EE1C91A1910005269B /* SDImageCache.h */ = {isa = PBXFileReference; fileEncoding = 4; lastKnownFileType = sourcecode.c.h; path = SDImageCache.h; sourceTree = "<group>"; };
		894190EF1C91A1910005269B /* SDImageCache.m */ = {isa = PBXFileReference; fileEncoding = 4; lastKnownFileType = sourcecode.c.objc; path = SDImageCache.m; sourceTree = "<group>"; };
		894190F01C91A1910005269B /* SDWebImageCompat.h */ = {isa = PBXFileReference; fileEncoding = 4; lastKnownFileType = sourcecode.c.h; path = SDWebImageCompat.h; sourceTree = "<group>"; };
		894190F11C91A1910005269B /* SDWebImageCompat.m */ = {isa = PBXFileReference; fileEncoding = 4; lastKnownFileType = sourcecode.c.objc; path = SDWebImageCompat.m; sourceTree = "<group>"; };
		894190F21C91A1910005269B /* SDWebImageDecoder.h */ = {isa = PBXFileReference; fileEncoding = 4; lastKnownFileType = sourcecode.c.h; path = SDWebImageDecoder.h; sourceTree = "<group>"; };
		894190F31C91A1910005269B /* SDWebImageDecoder.m */ = {isa = PBXFileReference; fileEncoding = 4; lastKnownFileType = sourcecode.c.objc; path = SDWebImageDecoder.m; sourceTree = "<group>"; };
		894190F41C91A1910005269B /* SDWebImageDownloader.h */ = {isa = PBXFileReference; fileEncoding = 4; lastKnownFileType = sourcecode.c.h; path = SDWebImageDownloader.h; sourceTree = "<group>"; };
		894190F51C91A1910005269B /* SDWebImageDownloader.m */ = {isa = PBXFileReference; fileEncoding = 4; lastKnownFileType = sourcecode.c.objc; path = SDWebImageDownloader.m; sourceTree = "<group>"; };
		894190F61C91A1910005269B /* SDWebImageDownloaderOperation.h */ = {isa = PBXFileReference; fileEncoding = 4; lastKnownFileType = sourcecode.c.h; path = SDWebImageDownloaderOperation.h; sourceTree = "<group>"; };
		894190F71C91A1910005269B /* SDWebImageDownloaderOperation.m */ = {isa = PBXFileReference; fileEncoding = 4; lastKnownFileType = sourcecode.c.objc; path = SDWebImageDownloaderOperation.m; sourceTree = "<group>"; };
		894190F81C91A1910005269B /* SDWebImageManager.h */ = {isa = PBXFileReference; fileEncoding = 4; lastKnownFileType = sourcecode.c.h; path = SDWebImageManager.h; sourceTree = "<group>"; };
		894190F91C91A1910005269B /* SDWebImageManager.m */ = {isa = PBXFileReference; fileEncoding = 4; lastKnownFileType = sourcecode.c.objc; path = SDWebImageManager.m; sourceTree = "<group>"; };
		894190FA1C91A1910005269B /* SDWebImageOperation.h */ = {isa = PBXFileReference; fileEncoding = 4; lastKnownFileType = sourcecode.c.h; path = SDWebImageOperation.h; sourceTree = "<group>"; };
		894190FB1C91A1910005269B /* SDWebImagePrefetcher.h */ = {isa = PBXFileReference; fileEncoding = 4; lastKnownFileType = sourcecode.c.h; path = SDWebImagePrefetcher.h; sourceTree = "<group>"; };
		894190FC1C91A1910005269B /* SDWebImagePrefetcher.m */ = {isa = PBXFileReference; fileEncoding = 4; lastKnownFileType = sourcecode.c.objc; path = SDWebImagePrefetcher.m; sourceTree = "<group>"; };
		894190FD1C91A1910005269B /* UIButton+WebCache.h */ = {isa = PBXFileReference; fileEncoding = 4; lastKnownFileType = sourcecode.c.h; path = "UIButton+WebCache.h"; sourceTree = "<group>"; };
		894190FE1C91A1910005269B /* UIButton+WebCache.m */ = {isa = PBXFileReference; fileEncoding = 4; lastKnownFileType = sourcecode.c.objc; path = "UIButton+WebCache.m"; sourceTree = "<group>"; };
		894190FF1C91A1910005269B /* UIImage+GIF.h */ = {isa = PBXFileReference; fileEncoding = 4; lastKnownFileType = sourcecode.c.h; path = "UIImage+GIF.h"; sourceTree = "<group>"; };
		894191001C91A1910005269B /* UIImage+GIF.m */ = {isa = PBXFileReference; fileEncoding = 4; lastKnownFileType = sourcecode.c.objc; path = "UIImage+GIF.m"; sourceTree = "<group>"; };
		894191011C91A1910005269B /* UIImage+MultiFormat.h */ = {isa = PBXFileReference; fileEncoding = 4; lastKnownFileType = sourcecode.c.h; path = "UIImage+MultiFormat.h"; sourceTree = "<group>"; };
		894191021C91A1910005269B /* UIImage+MultiFormat.m */ = {isa = PBXFileReference; fileEncoding = 4; lastKnownFileType = sourcecode.c.objc; path = "UIImage+MultiFormat.m"; sourceTree = "<group>"; };
		894191031C91A1910005269B /* UIImage+WebP.h */ = {isa = PBXFileReference; fileEncoding = 4; lastKnownFileType = sourcecode.c.h; path = "UIImage+WebP.h"; sourceTree = "<group>"; };
		894191041C91A1910005269B /* UIImage+WebP.m */ = {isa = PBXFileReference; fileEncoding = 4; lastKnownFileType = sourcecode.c.objc; path = "UIImage+WebP.m"; sourceTree = "<group>"; };
		894191051C91A1910005269B /* UIImageView+HighlightedWebCache.h */ = {isa = PBXFileReference; fileEncoding = 4; lastKnownFileType = sourcecode.c.h; path = "UIImageView+HighlightedWebCache.h"; sourceTree = "<group>"; };
		894191061C91A1910005269B /* UIImageView+HighlightedWebCache.m */ = {isa = PBXFileReference; fileEncoding = 4; lastKnownFileType = sourcecode.c.objc; path = "UIImageView+HighlightedWebCache.m"; sourceTree = "<group>"; };
		894191071C91A1910005269B /* UIImageView+WebCache.h */ = {isa = PBXFileReference; fileEncoding = 4; lastKnownFileType = sourcecode.c.h; path = "UIImageView+WebCache.h"; sourceTree = "<group>"; };
		894191081C91A1910005269B /* UIImageView+WebCache.m */ = {isa = PBXFileReference; fileEncoding = 4; lastKnownFileType = sourcecode.c.objc; path = "UIImageView+WebCache.m"; sourceTree = "<group>"; };
		894191091C91A1910005269B /* UIView+WebCacheOperation.h */ = {isa = PBXFileReference; fileEncoding = 4; lastKnownFileType = sourcecode.c.h; path = "UIView+WebCacheOperation.h"; sourceTree = "<group>"; };
		8941910A1C91A1910005269B /* UIView+WebCacheOperation.m */ = {isa = PBXFileReference; fileEncoding = 4; lastKnownFileType = sourcecode.c.objc; path = "UIView+WebCacheOperation.m"; sourceTree = "<group>"; };
		89505C621C8CC121005148C2 /* WorkerViewController.h */ = {isa = PBXFileReference; fileEncoding = 4; lastKnownFileType = sourcecode.c.h; path = WorkerViewController.h; sourceTree = "<group>"; };
		89505C631C8CC121005148C2 /* WorkerViewController.m */ = {isa = PBXFileReference; fileEncoding = 4; lastKnownFileType = sourcecode.c.objc; path = WorkerViewController.m; sourceTree = "<group>"; };
		89505C651C8CC1B4005148C2 /* WorkerCell.h */ = {isa = PBXFileReference; fileEncoding = 4; lastKnownFileType = sourcecode.c.h; path = WorkerCell.h; sourceTree = "<group>"; };
		89505C661C8CC1B4005148C2 /* WorkerCell.m */ = {isa = PBXFileReference; fileEncoding = 4; lastKnownFileType = sourcecode.c.objc; path = WorkerCell.m; sourceTree = "<group>"; };
		89505C671C8CC1B4005148C2 /* WorkerCell.xib */ = {isa = PBXFileReference; fileEncoding = 4; lastKnownFileType = file.xib; path = WorkerCell.xib; sourceTree = "<group>"; };
		89C0AB981C8C7598008F6457 /* MainViewController.h */ = {isa = PBXFileReference; fileEncoding = 4; lastKnownFileType = sourcecode.c.h; path = MainViewController.h; sourceTree = "<group>"; };
		89C0AB991C8C7598008F6457 /* MainViewController.m */ = {isa = PBXFileReference; fileEncoding = 4; lastKnownFileType = sourcecode.c.objc; path = MainViewController.m; sourceTree = "<group>"; };
		89C0ABA41C8C7F54008F6457 /* JobTypeViewController.h */ = {isa = PBXFileReference; fileEncoding = 4; lastKnownFileType = sourcecode.c.h; path = JobTypeViewController.h; sourceTree = "<group>"; };
		89C0ABA51C8C7F54008F6457 /* JobTypeViewController.m */ = {isa = PBXFileReference; fileEncoding = 4; lastKnownFileType = sourcecode.c.objc; path = JobTypeViewController.m; sourceTree = "<group>"; };
		89C0ABA91C8C821E008F6457 /* UIButton+Custom.h */ = {isa = PBXFileReference; fileEncoding = 4; lastKnownFileType = sourcecode.c.h; path = "UIButton+Custom.h"; sourceTree = "<group>"; };
		89C0ABAA1C8C821E008F6457 /* UIButton+Custom.m */ = {isa = PBXFileReference; fileEncoding = 4; lastKnownFileType = sourcecode.c.objc; path = "UIButton+Custom.m"; sourceTree = "<group>"; };
		89C0ABAC1C8C8A37008F6457 /* JobDetailViewController.h */ = {isa = PBXFileReference; fileEncoding = 4; lastKnownFileType = sourcecode.c.h; path = JobDetailViewController.h; sourceTree = "<group>"; };
		89C0ABAD1C8C8A37008F6457 /* JobDetailViewController.m */ = {isa = PBXFileReference; fileEncoding = 4; lastKnownFileType = sourcecode.c.objc; path = JobDetailViewController.m; sourceTree = "<group>"; };
		89C0ABB01C8C8E2C008F6457 /* DetailCell.h */ = {isa = PBXFileReference; fileEncoding = 4; lastKnownFileType = sourcecode.c.h; path = DetailCell.h; sourceTree = "<group>"; };
		89C0ABB11C8C8E2C008F6457 /* DetailCell.m */ = {isa = PBXFileReference; fileEncoding = 4; lastKnownFileType = sourcecode.c.objc; path = DetailCell.m; sourceTree = "<group>"; };
		89C0ABB21C8C8E2C008F6457 /* DetailCell.xib */ = {isa = PBXFileReference; fileEncoding = 4; lastKnownFileType = file.xib; path = DetailCell.xib; sourceTree = "<group>"; };
		89C49C961C8C646500A16B83 /* MAHR.app */ = {isa = PBXFileReference; explicitFileType = wrapper.application; includeInIndex = 0; path = MAHR.app; sourceTree = BUILT_PRODUCTS_DIR; };
		89C49C9A1C8C646500A16B83 /* main.m */ = {isa = PBXFileReference; lastKnownFileType = sourcecode.c.objc; path = main.m; sourceTree = "<group>"; };
		89C49C9C1C8C646500A16B83 /* AppDelegate.h */ = {isa = PBXFileReference; lastKnownFileType = sourcecode.c.h; path = AppDelegate.h; sourceTree = "<group>"; };
		89C49C9D1C8C646500A16B83 /* AppDelegate.m */ = {isa = PBXFileReference; lastKnownFileType = sourcecode.c.objc; path = AppDelegate.m; sourceTree = "<group>"; };
		89C49CA31C8C646500A16B83 /* Base */ = {isa = PBXFileReference; lastKnownFileType = file.storyboard; name = Base; path = Base.lproj/Main.storyboard; sourceTree = "<group>"; };
		89C49CA51C8C646500A16B83 /* Assets.xcassets */ = {isa = PBXFileReference; lastKnownFileType = folder.assetcatalog; path = Assets.xcassets; sourceTree = "<group>"; };
		89C49CA81C8C646500A16B83 /* Base */ = {isa = PBXFileReference; lastKnownFileType = file.storyboard; name = Base; path = Base.lproj/LaunchScreen.storyboard; sourceTree = "<group>"; };
		89C49CAA1C8C646500A16B83 /* Info.plist */ = {isa = PBXFileReference; lastKnownFileType = text.plist.xml; path = Info.plist; sourceTree = "<group>"; };
		89C49CB31C8C672600A16B83 /* Language.json */ = {isa = PBXFileReference; fileEncoding = 4; lastKnownFileType = text.json; path = Language.json; sourceTree = "<group>"; };
		89C49CB51C8C6D4700A16B83 /* RegionViewController.h */ = {isa = PBXFileReference; fileEncoding = 4; lastKnownFileType = sourcecode.c.h; name = RegionViewController.h; path = ../../MAHR/RegionViewController.h; sourceTree = "<group>"; };
		89C49CB61C8C6D4700A16B83 /* RegionViewController.m */ = {isa = PBXFileReference; fileEncoding = 4; lastKnownFileType = sourcecode.c.objc; name = RegionViewController.m; path = ../../MAHR/RegionViewController.m; sourceTree = "<group>"; };
		89C49CB81C8C700100A16B83 /* Constant.h */ = {isa = PBXFileReference; lastKnownFileType = sourcecode.c.h; path = Constant.h; sourceTree = "<group>"; };
		89C49CBA1C8C71CF00A16B83 /* HexColors.h */ = {isa = PBXFileReference; fileEncoding = 4; lastKnownFileType = sourcecode.c.h; path = HexColors.h; sourceTree = "<group>"; };
		89C49CBB1C8C71CF00A16B83 /* HexColors.m */ = {isa = PBXFileReference; fileEncoding = 4; lastKnownFileType = sourcecode.c.objc; path = HexColors.m; sourceTree = "<group>"; };
/* End PBXFileReference section */

/* Begin PBXFrameworksBuildPhase section */
		89C49C931C8C646500A16B83 /* Frameworks */ = {
			isa = PBXFrameworksBuildPhase;
			buildActionMask = 2147483647;
			files = (
			);
			runOnlyForDeploymentPostprocessing = 0;
		};
/* End PBXFrameworksBuildPhase section */

/* Begin PBXGroup section */
		891ACC6C1C8D8746008BCA23 /* SCLAlertView */ = {
			isa = PBXGroup;
			children = (
				891ACC6D1C8D8746008BCA23 /* SCLAlertView.h */,
				891ACC6E1C8D8746008BCA23 /* SCLAlertView.m */,
				891ACC6F1C8D8746008BCA23 /* SCLAlertViewResponder.h */,
				891ACC701C8D8746008BCA23 /* SCLAlertViewResponder.m */,
				891ACC711C8D8746008BCA23 /* SCLAlertViewStyleKit.h */,
				891ACC721C8D8746008BCA23 /* SCLAlertViewStyleKit.m */,
				891ACC731C8D8746008BCA23 /* SCLButton.h */,
				891ACC741C8D8746008BCA23 /* SCLButton.m */,
				891ACC751C8D8746008BCA23 /* SCLMacros.h */,
				891ACC761C8D8746008BCA23 /* SCLSwitchView.h */,
				891ACC771C8D8746008BCA23 /* SCLSwitchView.m */,
				891ACC781C8D8746008BCA23 /* SCLTextView.h */,
				891ACC791C8D8746008BCA23 /* SCLTextView.m */,
				891ACC7A1C8D8746008BCA23 /* SCLTimerDisplay.h */,
				891ACC7B1C8D8746008BCA23 /* SCLTimerDisplay.m */,
				891ACC7C1C8D8746008BCA23 /* UIImage+ImageEffects.h */,
				891ACC7D1C8D8746008BCA23 /* UIImage+ImageEffects.m */,
			);
			path = SCLAlertView;
			sourceTree = "<group>";
		};
		891ACC881C8DC501008BCA23 /* WorkerDetail */ = {
			isa = PBXGroup;
			children = (
				891ACC891C8DC520008BCA23 /* WorkerDetailViewController.h */,
				891ACC8A1C8DC520008BCA23 /* WorkerDetailViewController.m */,
			);
			name = WorkerDetail;
			sourceTree = "<group>";
		};
		891ACC8C1C8DCA66008BCA23 /* UIKit+AFNetworking */ = {
			isa = PBXGroup;
			children = (
				891ACC8D1C8DCA66008BCA23 /* AFAutoPurgingImageCache.h */,
				891ACC8E1C8DCA66008BCA23 /* AFAutoPurgingImageCache.m */,
				891ACC8F1C8DCA66008BCA23 /* AFImageDownloader.h */,
				891ACC901C8DCA66008BCA23 /* AFImageDownloader.m */,
				891ACC911C8DCA66008BCA23 /* AFNetworkActivityIndicatorManager.h */,
				891ACC921C8DCA66008BCA23 /* AFNetworkActivityIndicatorManager.m */,
				891ACC931C8DCA66008BCA23 /* UIActivityIndicatorView+AFNetworking.h */,
				891ACC941C8DCA66008BCA23 /* UIActivityIndicatorView+AFNetworking.m */,
				891ACC951C8DCA66008BCA23 /* UIButton+AFNetworking.h */,
				891ACC961C8DCA66008BCA23 /* UIButton+AFNetworking.m */,
				891ACC971C8DCA66008BCA23 /* UIImage+AFNetworking.h */,
				891ACC981C8DCA66008BCA23 /* UIImageView+AFNetworking.h */,
				891ACC991C8DCA66008BCA23 /* UIImageView+AFNetworking.m */,
				891ACC9A1C8DCA66008BCA23 /* UIKit+AFNetworking.h */,
				891ACC9B1C8DCA66008BCA23 /* UIProgressView+AFNetworking.h */,
				891ACC9C1C8DCA66008BCA23 /* UIProgressView+AFNetworking.m */,
				891ACC9D1C8DCA66008BCA23 /* UIRefreshControl+AFNetworking.h */,
				891ACC9E1C8DCA66008BCA23 /* UIRefreshControl+AFNetworking.m */,
				891ACC9F1C8DCA66008BCA23 /* UIWebView+AFNetworking.h */,
				891ACCA01C8DCA66008BCA23 /* UIWebView+AFNetworking.m */,
			);
			name = "UIKit+AFNetworking";
			path = "SCLAlertView/UIKit+AFNetworking";
			sourceTree = "<group>";
		};
		891ACCAA1C8DCBB1008BCA23 /* AFNetworking */ = {
			isa = PBXGroup;
			children = (
				891ACCAB1C8DCBB1008BCA23 /* AFHTTPSessionManager.h */,
				891ACCAC1C8DCBB1008BCA23 /* AFHTTPSessionManager.m */,
				891ACCAD1C8DCBB1008BCA23 /* AFNetworking.h */,
				891ACCAE1C8DCBB1008BCA23 /* AFNetworkReachabilityManager.h */,
				891ACCAF1C8DCBB1008BCA23 /* AFNetworkReachabilityManager.m */,
				891ACCB01C8DCBB1008BCA23 /* AFSecurityPolicy.h */,
				891ACCB11C8DCBB1008BCA23 /* AFSecurityPolicy.m */,
				891ACCB21C8DCBB1008BCA23 /* AFURLRequestSerialization.h */,
				891ACCB31C8DCBB1008BCA23 /* AFURLRequestSerialization.m */,
				891ACCB41C8DCBB1008BCA23 /* AFURLResponseSerialization.h */,
				891ACCB51C8DCBB1008BCA23 /* AFURLResponseSerialization.m */,
				891ACCB61C8DCBB1008BCA23 /* AFURLSessionManager.h */,
				891ACCB71C8DCBB1008BCA23 /* AFURLSessionManager.m */,
			);
			path = AFNetworking;
			sourceTree = "<group>";
		};
		894190991C915D890005269B /* Education */ = {
			isa = PBXGroup;
			children = (
				8941909A1C915D9E0005269B /* EducationViewController.h */,
				8941909B1C915D9E0005269B /* EducationViewController.m */,
			);
			name = Education;
			sourceTree = "<group>";
		};
		8941909D1C9162270005269B /* Language */ = {
			isa = PBXGroup;
			children = (
				8941909E1C9162340005269B /* LanguageViewController.h */,
				8941909F1C9162340005269B /* LanguageViewController.m */,
			);
			name = Language;
			sourceTree = "<group>";
		};
		894190A11C916CDA0005269B /* Skill */ = {
			isa = PBXGroup;
			children = (
				894190A21C916CEB0005269B /* SkillViewController.h */,
				894190A31C916CEB0005269B /* SkillViewController.m */,
			);
			name = Skill;
			sourceTree = "<group>";
		};
		894190A81C91A1910005269B /* SDWebImage */ = {
			isa = PBXGroup;
			children = (
				894190A91C91A1910005269B /* MagicalRecord */,
				894190EA1C91A1910005269B /* MKAnnotationView+WebCache.h */,
				894190EB1C91A1910005269B /* MKAnnotationView+WebCache.m */,
				894190EC1C91A1910005269B /* NSData+ImageContentType.h */,
				894190ED1C91A1910005269B /* NSData+ImageContentType.m */,
				894190EE1C91A1910005269B /* SDImageCache.h */,
				894190EF1C91A1910005269B /* SDImageCache.m */,
				894190F01C91A1910005269B /* SDWebImageCompat.h */,
				894190F11C91A1910005269B /* SDWebImageCompat.m */,
				894190F21C91A1910005269B /* SDWebImageDecoder.h */,
				894190F31C91A1910005269B /* SDWebImageDecoder.m */,
				894190F41C91A1910005269B /* SDWebImageDownloader.h */,
				894190F51C91A1910005269B /* SDWebImageDownloader.m */,
				894190F61C91A1910005269B /* SDWebImageDownloaderOperation.h */,
				894190F71C91A1910005269B /* SDWebImageDownloaderOperation.m */,
				894190F81C91A1910005269B /* SDWebImageManager.h */,
				894190F91C91A1910005269B /* SDWebImageManager.m */,
				894190FA1C91A1910005269B /* SDWebImageOperation.h */,
				894190FB1C91A1910005269B /* SDWebImagePrefetcher.h */,
				894190FC1C91A1910005269B /* SDWebImagePrefetcher.m */,
				894190FD1C91A1910005269B /* UIButton+WebCache.h */,
				894190FE1C91A1910005269B /* UIButton+WebCache.m */,
				894190FF1C91A1910005269B /* UIImage+GIF.h */,
				894191001C91A1910005269B /* UIImage+GIF.m */,
				894191011C91A1910005269B /* UIImage+MultiFormat.h */,
				894191021C91A1910005269B /* UIImage+MultiFormat.m */,
				894191031C91A1910005269B /* UIImage+WebP.h */,
				894191041C91A1910005269B /* UIImage+WebP.m */,
				894191051C91A1910005269B /* UIImageView+HighlightedWebCache.h */,
				894191061C91A1910005269B /* UIImageView+HighlightedWebCache.m */,
				894191071C91A1910005269B /* UIImageView+WebCache.h */,
				894191081C91A1910005269B /* UIImageView+WebCache.m */,
				894191091C91A1910005269B /* UIView+WebCacheOperation.h */,
				8941910A1C91A1910005269B /* UIView+WebCacheOperation.m */,
			);
			path = SDWebImage;
			sourceTree = "<group>";
		};
		894190A91C91A1910005269B /* MagicalRecord */ = {
			isa = PBXGroup;
			children = (
				894190AA1C91A1910005269B /* Categories */,
				894190D61C91A1910005269B /* Core */,
				894190E91C91A1910005269B /* MagicalRecord.h */,
			);
			path = MagicalRecord;
			sourceTree = "<group>";
		};
		894190AA1C91A1910005269B /* Categories */ = {
			isa = PBXGroup;
			children = (
				894190AB1C91A1910005269B /* DataImport */,
				894190BA1C91A1910005269B /* NSManagedObject */,
				894190C51C91A1910005269B /* NSManagedObjectContext */,
				894190D01C91A1910005269B /* NSManagedObjectModel+MagicalRecord.h */,
				894190D11C91A1910005269B /* NSManagedObjectModel+MagicalRecord.m */,
				894190D21C91A1910005269B /* NSPersistentStore+MagicalRecord.h */,
				894190D31C91A1910005269B /* NSPersistentStore+MagicalRecord.m */,
				894190D41C91A1910005269B /* NSPersistentStoreCoordinator+MagicalRecord.h */,
				894190D51C91A1910005269B /* NSPersistentStoreCoordinator+MagicalRecord.m */,
			);
			path = Categories;
			sourceTree = "<group>";
		};
		894190AB1C91A1910005269B /* DataImport */ = {
			isa = PBXGroup;
			children = (
				894190AC1C91A1910005269B /* MagicalImportFunctions.h */,
				894190AD1C91A1910005269B /* MagicalImportFunctions.m */,
				894190AE1C91A1910005269B /* NSAttributeDescription+MagicalDataImport.h */,
				894190AF1C91A1910005269B /* NSAttributeDescription+MagicalDataImport.m */,
				894190B01C91A1910005269B /* NSEntityDescription+MagicalDataImport.h */,
				894190B11C91A1910005269B /* NSEntityDescription+MagicalDataImport.m */,
				894190B21C91A1910005269B /* NSNumber+MagicalDataImport.h */,
				894190B31C91A1910005269B /* NSNumber+MagicalDataImport.m */,
				894190B41C91A1910005269B /* NSObject+MagicalDataImport.h */,
				894190B51C91A1910005269B /* NSObject+MagicalDataImport.m */,
				894190B61C91A1910005269B /* NSRelationshipDescription+MagicalDataImport.h */,
				894190B71C91A1910005269B /* NSRelationshipDescription+MagicalDataImport.m */,
				894190B81C91A1910005269B /* NSString+MagicalDataImport.h */,
				894190B91C91A1910005269B /* NSString+MagicalDataImport.m */,
			);
			path = DataImport;
			sourceTree = "<group>";
		};
		894190BA1C91A1910005269B /* NSManagedObject */ = {
			isa = PBXGroup;
			children = (
				894190BB1C91A1910005269B /* NSManagedObject+MagicalAggregation.h */,
				894190BC1C91A1910005269B /* NSManagedObject+MagicalAggregation.m */,
				894190BD1C91A1910005269B /* NSManagedObject+MagicalDataImport.h */,
				894190BE1C91A1910005269B /* NSManagedObject+MagicalDataImport.m */,
				894190BF1C91A1910005269B /* NSManagedObject+MagicalFinders.h */,
				894190C01C91A1910005269B /* NSManagedObject+MagicalFinders.m */,
				894190C11C91A1910005269B /* NSManagedObject+MagicalRecord.h */,
				894190C21C91A1910005269B /* NSManagedObject+MagicalRecord.m */,
				894190C31C91A1910005269B /* NSManagedObject+MagicalRequests.h */,
				894190C41C91A1910005269B /* NSManagedObject+MagicalRequests.m */,
			);
			path = NSManagedObject;
			sourceTree = "<group>";
		};
		894190C51C91A1910005269B /* NSManagedObjectContext */ = {
			isa = PBXGroup;
			children = (
				894190C61C91A1910005269B /* NSManagedObjectContext+MagicalChainSave.h */,
				894190C71C91A1910005269B /* NSManagedObjectContext+MagicalChainSave.m */,
				894190C81C91A1910005269B /* NSManagedObjectContext+MagicalObserving.h */,
				894190C91C91A1910005269B /* NSManagedObjectContext+MagicalObserving.m */,
				894190CA1C91A1910005269B /* NSManagedObjectContext+MagicalRecord.h */,
				894190CB1C91A1910005269B /* NSManagedObjectContext+MagicalRecord.m */,
				894190CC1C91A1910005269B /* NSManagedObjectContext+MagicalSaves.h */,
				894190CD1C91A1910005269B /* NSManagedObjectContext+MagicalSaves.m */,
				894190CE1C91A1910005269B /* NSManagedObjectContext+MagicalThreading.h */,
				894190CF1C91A1910005269B /* NSManagedObjectContext+MagicalThreading.m */,
			);
			path = NSManagedObjectContext;
			sourceTree = "<group>";
		};
		894190D61C91A1910005269B /* Core */ = {
			isa = PBXGroup;
			children = (
				894190D71C91A1910005269B /* MagicalRecord+Actions.h */,
				894190D81C91A1910005269B /* MagicalRecord+Actions.m */,
				894190D91C91A1910005269B /* MagicalRecord+ErrorHandling.h */,
				894190DA1C91A1910005269B /* MagicalRecord+ErrorHandling.m */,
				894190DB1C91A1910005269B /* MagicalRecord+iCloud.h */,
				894190DC1C91A1910005269B /* MagicalRecord+iCloud.m */,
				894190DD1C91A1910005269B /* MagicalRecord+Options.h */,
				894190DE1C91A1910005269B /* MagicalRecord+Options.m */,
				894190DF1C91A1910005269B /* MagicalRecord+Setup.h */,
				894190E01C91A1910005269B /* MagicalRecord+Setup.m */,
				894190E11C91A1910005269B /* MagicalRecord+ShorthandMethods.h */,
				894190E21C91A1910005269B /* MagicalRecord+ShorthandMethods.m */,
				894190E31C91A1910005269B /* MagicalRecordDeprecationMacros.h */,
				894190E41C91A1910005269B /* MagicalRecordInternal.h */,
				894190E51C91A1910005269B /* MagicalRecordInternal.m */,
				894190E61C91A1910005269B /* MagicalRecordLogging.h */,
				894190E71C91A1910005269B /* MagicalRecordShorthandMethodAliases.h */,
				894190E81C91A1910005269B /* MagicalRecordXcode7CompatibilityMacros.h */,
			);
			path = Core;
			sourceTree = "<group>";
		};
		89505C611C8CC106005148C2 /* Worker */ = {
			isa = PBXGroup;
			children = (
				89505C621C8CC121005148C2 /* WorkerViewController.h */,
				89505C631C8CC121005148C2 /* WorkerViewController.m */,
			);
			name = Worker;
			sourceTree = "<group>";
		};
		89C0AB971C8C7578008F6457 /* MainViewController */ = {
			isa = PBXGroup;
			children = (
				89C0AB981C8C7598008F6457 /* MainViewController.h */,
				89C0AB991C8C7598008F6457 /* MainViewController.m */,
			);
			name = MainViewController;
			sourceTree = "<group>";
		};
		89C0ABA31C8C7F38008F6457 /* JobType */ = {
			isa = PBXGroup;
			children = (
				89C0ABA41C8C7F54008F6457 /* JobTypeViewController.h */,
				89C0ABA51C8C7F54008F6457 /* JobTypeViewController.m */,
			);
			name = JobType;
			sourceTree = "<group>";
		};
		89C0ABA81C8C81F3008F6457 /* Category */ = {
			isa = PBXGroup;
			children = (
				89C0ABA91C8C821E008F6457 /* UIButton+Custom.h */,
				89C0ABAA1C8C821E008F6457 /* UIButton+Custom.m */,
			);
			name = Category;
			sourceTree = "<group>";
		};
		89C0ABAF1C8C8DD4008F6457 /* CustomCell */ = {
			isa = PBXGroup;
			children = (
				89C0ABB01C8C8E2C008F6457 /* DetailCell.h */,
				89C0ABB11C8C8E2C008F6457 /* DetailCell.m */,
				89C0ABB21C8C8E2C008F6457 /* DetailCell.xib */,
				89505C651C8CC1B4005148C2 /* WorkerCell.h */,
				89505C661C8CC1B4005148C2 /* WorkerCell.m */,
				89505C671C8CC1B4005148C2 /* WorkerCell.xib */,
				891ACC651C8D5AF0008BCA23 /* MoreCell.h */,
				891ACC661C8D5AF0008BCA23 /* MoreCell.m */,
				891ACC671C8D5AF0008BCA23 /* MoreCell.xib */,
			);
			name = CustomCell;
			sourceTree = "<group>";
		};
		89C0ABB51C8C9764008F6457 /* JobDetail */ = {
			isa = PBXGroup;
			children = (
				89C0ABAC1C8C8A37008F6457 /* JobDetailViewController.h */,
				89C0ABAD1C8C8A37008F6457 /* JobDetailViewController.m */,
			);
			name = JobDetail;
			sourceTree = "<group>";
		};
		89C49C8D1C8C646500A16B83 = {
			isa = PBXGroup;
			children = (
				891ACC861C8DC1C5008BCA23 /* QuickLook.framework */,
				89C49C981C8C646500A16B83 /* MAHR */,
				89C49C971C8C646500A16B83 /* Products */,
			);
			sourceTree = "<group>";
		};
		89C49C971C8C646500A16B83 /* Products */ = {
			isa = PBXGroup;
			children = (
				89C49C961C8C646500A16B83 /* MAHR.app */,
			);
			name = Products;
			sourceTree = "<group>";
		};
		89C49C981C8C646500A16B83 /* MAHR */ = {
			isa = PBXGroup;
			children = (
				89C49CB81C8C700100A16B83 /* Constant.h */,
				89C49C9C1C8C646500A16B83 /* AppDelegate.h */,
				89C49C9D1C8C646500A16B83 /* AppDelegate.m */,
				89C49CB01C8C64E100A16B83 /* UI */,
				89C49CB21C8C66B500A16B83 /* Model */,
				89C49CB91C8C719F00A16B83 /* Library */,
				89C49CAA1C8C646500A16B83 /* Info.plist */,
				89C49C991C8C646500A16B83 /* Supporting Files */,
			);
			path = MAHR;
			sourceTree = "<group>";
		};
		89C49C991C8C646500A16B83 /* Supporting Files */ = {
			isa = PBXGroup;
			children = (
				89C49C9A1C8C646500A16B83 /* main.m */,
			);
			name = "Supporting Files";
			sourceTree = "<group>";
		};
		89C49CB01C8C64E100A16B83 /* UI */ = {
			isa = PBXGroup;
			children = (
				89C49CA21C8C646500A16B83 /* Main.storyboard */,
				89C49CA51C8C646500A16B83 /* Assets.xcassets */,
				89C49CA71C8C646500A16B83 /* LaunchScreen.storyboard */,
				89C0ABAF1C8C8DD4008F6457 /* CustomCell */,
				89C0AB971C8C7578008F6457 /* MainViewController */,
				89C49CB11C8C64F600A16B83 /* Region */,
				89C0ABA31C8C7F38008F6457 /* JobType */,
				89C0ABB51C8C9764008F6457 /* JobDetail */,
				894190A11C916CDA0005269B /* Skill */,
				8941909D1C9162270005269B /* Language */,
				894190991C915D890005269B /* Education */,
				89505C611C8CC106005148C2 /* Worker */,
				891ACC881C8DC501008BCA23 /* WorkerDetail */,
			);
			name = UI;
			sourceTree = "<group>";
		};
		89C49CB11C8C64F600A16B83 /* Region */ = {
			isa = PBXGroup;
			children = (
				89C49CB51C8C6D4700A16B83 /* RegionViewController.h */,
				89C49CB61C8C6D4700A16B83 /* RegionViewController.m */,
			);
			name = Region;
			sourceTree = "<group>";
		};
		89C49CB21C8C66B500A16B83 /* Model */ = {
			isa = PBXGroup;
			children = (
				89C49CB31C8C672600A16B83 /* Language.json */,
				894190961C9146B60005269B /* Skill.h */,
				894190971C9146B60005269B /* Skill.m */,
				894190A51C919F0A0005269B /* Worker.h */,
				894190A61C919F0A0005269B /* Worker.m */,
			);
			name = Model;
			sourceTree = "<group>";
		};
		89C49CB91C8C719F00A16B83 /* Library */ = {
			isa = PBXGroup;
			children = (
				89C0ABA81C8C81F3008F6457 /* Category */,
				894190A81C91A1910005269B /* SDWebImage */,
				89C49CBD1C8C71D500A16B83 /* HexColor */,
				891ACCAA1C8DCBB1008BCA23 /* AFNetworking */,
				891ACC8C1C8DCA66008BCA23 /* UIKit+AFNetworking */,
				891ACC6C1C8D8746008BCA23 /* SCLAlertView */,
			);
			name = Library;
			sourceTree = "<group>";
		};
		89C49CBD1C8C71D500A16B83 /* HexColor */ = {
			isa = PBXGroup;
			children = (
				89C49CBA1C8C71CF00A16B83 /* HexColors.h */,
				89C49CBB1C8C71CF00A16B83 /* HexColors.m */,
			);
			name = HexColor;
			sourceTree = "<group>";
		};
/* End PBXGroup section */

/* Begin PBXNativeTarget section */
		89C49C951C8C646500A16B83 /* MAHR */ = {
			isa = PBXNativeTarget;
			buildConfigurationList = 89C49CAD1C8C646500A16B83 /* Build configuration list for PBXNativeTarget "MAHR" */;
			buildPhases = (
				89C49C921C8C646500A16B83 /* Sources */,
				89C49C931C8C646500A16B83 /* Frameworks */,
				89C49C941C8C646500A16B83 /* Resources */,
			);
			buildRules = (
			);
			dependencies = (
			);
			name = MAHR;
			productName = MAHR;
			productReference = 89C49C961C8C646500A16B83 /* MAHR.app */;
			productType = "com.apple.product-type.application";
		};
/* End PBXNativeTarget section */

/* Begin PBXProject section */
		89C49C8E1C8C646500A16B83 /* Project object */ = {
			isa = PBXProject;
			attributes = {
				LastUpgradeCheck = 0710;
				ORGANIZATIONNAME = "Trung Đức";
				TargetAttributes = {
					89C49C951C8C646500A16B83 = {
						CreatedOnToolsVersion = 7.1.1;
						DevelopmentTeam = T9W647QM42;
					};
				};
			};
			buildConfigurationList = 89C49C911C8C646500A16B83 /* Build configuration list for PBXProject "MAHR" */;
			compatibilityVersion = "Xcode 3.2";
			developmentRegion = English;
			hasScannedForEncodings = 0;
			knownRegions = (
				en,
				Base,
			);
			mainGroup = 89C49C8D1C8C646500A16B83;
			productRefGroup = 89C49C971C8C646500A16B83 /* Products */;
			projectDirPath = "";
			projectRoot = "";
			targets = (
				89C49C951C8C646500A16B83 /* MAHR */,
			);
		};
/* End PBXProject section */

/* Begin PBXResourcesBuildPhase section */
		89C49C941C8C646500A16B83 /* Resources */ = {
			isa = PBXResourcesBuildPhase;
			buildActionMask = 2147483647;
			files = (
				891ACC691C8D5AF0008BCA23 /* MoreCell.xib in Resources */,
				89C49CA91C8C646500A16B83 /* LaunchScreen.storyboard in Resources */,
				89505C691C8CC1B4005148C2 /* WorkerCell.xib in Resources */,
				89C49CB41C8C672600A16B83 /* Language.json in Resources */,
				89C49CA61C8C646500A16B83 /* Assets.xcassets in Resources */,
				89C49CA41C8C646500A16B83 /* Main.storyboard in Resources */,
				89C0ABB41C8C8E2C008F6457 /* DetailCell.xib in Resources */,
			);
			runOnlyForDeploymentPostprocessing = 0;
		};
/* End PBXResourcesBuildPhase section */

/* Begin PBXSourcesBuildPhase section */
		89C49C921C8C646500A16B83 /* Sources */ = {
			isa = PBXSourcesBuildPhase;
			buildActionMask = 2147483647;
			files = (
				89C49C9E1C8C646500A16B83 /* AppDelegate.m in Sources */,
				894191321C91A1910005269B /* UIImage+WebP.m in Sources */,
				894191181C91A1910005269B /* NSManagedObjectContext+MagicalObserving.m in Sources */,
				8941912A1C91A1910005269B /* SDWebImageDecoder.m in Sources */,
				894191241C91A1910005269B /* MagicalRecord+ShorthandMethods.m in Sources */,
				894190A41C916CEB0005269B /* SkillViewController.m in Sources */,
				8941910E1C91A1910005269B /* NSNumber+MagicalDataImport.m in Sources */,
				89C0ABAE1C8C8A37008F6457 /* JobDetailViewController.m in Sources */,
				891ACCA81C8DCA66008BCA23 /* UIRefreshControl+AFNetworking.m in Sources */,
				8941912E1C91A1910005269B /* SDWebImagePrefetcher.m in Sources */,
				891ACCA51C8DCA66008BCA23 /* UIButton+AFNetworking.m in Sources */,
				891ACC851C8D8746008BCA23 /* UIImage+ImageEffects.m in Sources */,
				894191201C91A1910005269B /* MagicalRecord+ErrorHandling.m in Sources */,
				894191211C91A1910005269B /* MagicalRecord+iCloud.m in Sources */,
				8941912B1C91A1910005269B /* SDWebImageDownloader.m in Sources */,
				894191151C91A1910005269B /* NSManagedObject+MagicalRecord.m in Sources */,
				894190981C9146B60005269B /* Skill.m in Sources */,
				891ACC7F1C8D8746008BCA23 /* SCLAlertViewResponder.m in Sources */,
				89C49CBC1C8C71CF00A16B83 /* HexColors.m in Sources */,
				894191341C91A1910005269B /* UIImageView+WebCache.m in Sources */,
				891ACCBD1C8DCBB1008BCA23 /* AFURLSessionManager.m in Sources */,
				8941911B1C91A1910005269B /* NSManagedObjectContext+MagicalThreading.m in Sources */,
				894191261C91A1910005269B /* MKAnnotationView+WebCache.m in Sources */,
				894191161C91A1910005269B /* NSManagedObject+MagicalRequests.m in Sources */,
				8941912C1C91A1910005269B /* SDWebImageDownloaderOperation.m in Sources */,
				894190A71C919F0A0005269B /* Worker.m in Sources */,
				8941910B1C91A1910005269B /* MagicalImportFunctions.m in Sources */,
				8941911F1C91A1910005269B /* MagicalRecord+Actions.m in Sources */,
				8941910C1C91A1910005269B /* NSAttributeDescription+MagicalDataImport.m in Sources */,
				89C49C9B1C8C646500A16B83 /* main.m in Sources */,
				894191121C91A1910005269B /* NSManagedObject+MagicalAggregation.m in Sources */,
				894191191C91A1910005269B /* NSManagedObjectContext+MagicalRecord.m in Sources */,
				8941911E1C91A1910005269B /* NSPersistentStoreCoordinator+MagicalRecord.m in Sources */,
				894191141C91A1910005269B /* NSManagedObject+MagicalFinders.m in Sources */,
				894191311C91A1910005269B /* UIImage+MultiFormat.m in Sources */,
				891ACCA11C8DCA66008BCA23 /* AFAutoPurgingImageCache.m in Sources */,
				891ACCBC1C8DCBB1008BCA23 /* AFURLResponseSerialization.m in Sources */,
				8941911C1C91A1910005269B /* NSManagedObjectModel+MagicalRecord.m in Sources */,
				89C0ABAB1C8C821E008F6457 /* UIButton+Custom.m in Sources */,
				894191331C91A1910005269B /* UIImageView+HighlightedWebCache.m in Sources */,
				89505C641C8CC121005148C2 /* WorkerViewController.m in Sources */,
				891ACCBB1C8DCBB1008BCA23 /* AFURLRequestSerialization.m in Sources */,
				891ACCA71C8DCA66008BCA23 /* UIProgressView+AFNetworking.m in Sources */,
				891ACC811C8D8746008BCA23 /* SCLButton.m in Sources */,
				894191281C91A1910005269B /* SDImageCache.m in Sources */,
				894191131C91A1910005269B /* NSManagedObject+MagicalDataImport.m in Sources */,
				891ACC841C8D8746008BCA23 /* SCLTimerDisplay.m in Sources */,
				891ACCA41C8DCA66008BCA23 /* UIActivityIndicatorView+AFNetworking.m in Sources */,
				891ACC8B1C8DC520008BCA23 /* WorkerDetailViewController.m in Sources */,
				89C0ABB31C8C8E2C008F6457 /* DetailCell.m in Sources */,
				894191251C91A1910005269B /* MagicalRecordInternal.m in Sources */,
				894190A01C9162340005269B /* LanguageViewController.m in Sources */,
				894191351C91A1910005269B /* UIView+WebCacheOperation.m in Sources */,
				8941910F1C91A1910005269B /* NSObject+MagicalDataImport.m in Sources */,
				89C0AB9A1C8C7598008F6457 /* MainViewController.m in Sources */,
				894191111C91A1910005269B /* NSString+MagicalDataImport.m in Sources */,
				894191171C91A1910005269B /* NSManagedObjectContext+MagicalChainSave.m in Sources */,
				89C0ABA61C8C7F54008F6457 /* JobTypeViewController.m in Sources */,
				894191291C91A1910005269B /* SDWebImageCompat.m in Sources */,
				8941912D1C91A1910005269B /* SDWebImageManager.m in Sources */,
				8941911D1C91A1910005269B /* NSPersistentStore+MagicalRecord.m in Sources */,
				89505C681C8CC1B4005148C2 /* WorkerCell.m in Sources */,
				891ACCA61C8DCA66008BCA23 /* UIImageView+AFNetworking.m in Sources */,
				8941910D1C91A1910005269B /* NSEntityDescription+MagicalDataImport.m in Sources */,
				891ACC831C8D8746008BCA23 /* SCLTextView.m in Sources */,
				891ACCB81C8DCBB1008BCA23 /* AFHTTPSessionManager.m in Sources */,
				8941912F1C91A1910005269B /* UIButton+WebCache.m in Sources */,
				894191231C91A1910005269B /* MagicalRecord+Setup.m in Sources */,
				891ACC681C8D5AF0008BCA23 /* MoreCell.m in Sources */,
				891ACC7E1C8D8746008BCA23 /* SCLAlertView.m in Sources */,
				891ACCBA1C8DCBB1008BCA23 /* AFSecurityPolicy.m in Sources */,
				89C49CB71C8C6D4700A16B83 /* RegionViewController.m in Sources */,
				8941909C1C915D9E0005269B /* EducationViewController.m in Sources */,
				894191271C91A1910005269B /* NSData+ImageContentType.m in Sources */,
				891ACC801C8D8746008BCA23 /* SCLAlertViewStyleKit.m in Sources */,
				894191221C91A1910005269B /* MagicalRecord+Options.m in Sources */,
				891ACC821C8D8746008BCA23 /* SCLSwitchView.m in Sources */,
				8941911A1C91A1910005269B /* NSManagedObjectContext+MagicalSaves.m in Sources */,
				891ACCA91C8DCA66008BCA23 /* UIWebView+AFNetworking.m in Sources */,
				894191301C91A1910005269B /* UIImage+GIF.m in Sources */,
				891ACCA21C8DCA66008BCA23 /* AFImageDownloader.m in Sources */,
				891ACCB91C8DCBB1008BCA23 /* AFNetworkReachabilityManager.m in Sources */,
				891ACCA31C8DCA66008BCA23 /* AFNetworkActivityIndicatorManager.m in Sources */,
				894191101C91A1910005269B /* NSRelationshipDescription+MagicalDataImport.m in Sources */,
			);
			runOnlyForDeploymentPostprocessing = 0;
		};
/* End PBXSourcesBuildPhase section */

/* Begin PBXVariantGroup section */
		89C49CA21C8C646500A16B83 /* Main.storyboard */ = {
			isa = PBXVariantGroup;
			children = (
				89C49CA31C8C646500A16B83 /* Base */,
			);
			name = Main.storyboard;
			sourceTree = "<group>";
		};
		89C49CA71C8C646500A16B83 /* LaunchScreen.storyboard */ = {
			isa = PBXVariantGroup;
			children = (
				89C49CA81C8C646500A16B83 /* Base */,
			);
			name = LaunchScreen.storyboard;
			sourceTree = "<group>";
		};
/* End PBXVariantGroup section */

/* Begin XCBuildConfiguration section */
		89C49CAB1C8C646500A16B83 /* Debug */ = {
			isa = XCBuildConfiguration;
			buildSettings = {
				ALWAYS_SEARCH_USER_PATHS = NO;
				CLANG_CXX_LANGUAGE_STANDARD = "gnu++0x";
				CLANG_CXX_LIBRARY = "libc++";
				CLANG_ENABLE_MODULES = YES;
				CLANG_ENABLE_OBJC_ARC = YES;
				CLANG_WARN_BOOL_CONVERSION = YES;
				CLANG_WARN_CONSTANT_CONVERSION = YES;
				CLANG_WARN_DIRECT_OBJC_ISA_USAGE = YES_ERROR;
				CLANG_WARN_EMPTY_BODY = YES;
				CLANG_WARN_ENUM_CONVERSION = YES;
				CLANG_WARN_INT_CONVERSION = YES;
				CLANG_WARN_OBJC_ROOT_CLASS = YES_ERROR;
				CLANG_WARN_UNREACHABLE_CODE = YES;
				CLANG_WARN__DUPLICATE_METHOD_MATCH = YES;
				"CODE_SIGN_IDENTITY[sdk=iphoneos*]" = "iPhone Developer";
				COPY_PHASE_STRIP = NO;
				DEBUG_INFORMATION_FORMAT = dwarf;
				ENABLE_STRICT_OBJC_MSGSEND = YES;
				ENABLE_TESTABILITY = YES;
				GCC_C_LANGUAGE_STANDARD = gnu99;
				GCC_DYNAMIC_NO_PIC = NO;
				GCC_NO_COMMON_BLOCKS = YES;
				GCC_OPTIMIZATION_LEVEL = 0;
				GCC_PREPROCESSOR_DEFINITIONS = (
					"DEBUG=1",
					"$(inherited)",
				);
				GCC_WARN_64_TO_32_BIT_CONVERSION = YES;
				GCC_WARN_ABOUT_RETURN_TYPE = YES_ERROR;
				GCC_WARN_UNDECLARED_SELECTOR = YES;
				GCC_WARN_UNINITIALIZED_AUTOS = YES_AGGRESSIVE;
				GCC_WARN_UNUSED_FUNCTION = YES;
				GCC_WARN_UNUSED_VARIABLE = YES;
				IPHONEOS_DEPLOYMENT_TARGET = 9.1;
				MTL_ENABLE_DEBUG_INFO = YES;
				ONLY_ACTIVE_ARCH = YES;
				SDKROOT = iphoneos;
				TARGETED_DEVICE_FAMILY = "1,2";
			};
			name = Debug;
		};
		89C49CAC1C8C646500A16B83 /* Release */ = {
			isa = XCBuildConfiguration;
			buildSettings = {
				ALWAYS_SEARCH_USER_PATHS = NO;
				CLANG_CXX_LANGUAGE_STANDARD = "gnu++0x";
				CLANG_CXX_LIBRARY = "libc++";
				CLANG_ENABLE_MODULES = YES;
				CLANG_ENABLE_OBJC_ARC = YES;
				CLANG_WARN_BOOL_CONVERSION = YES;
				CLANG_WARN_CONSTANT_CONVERSION = YES;
				CLANG_WARN_DIRECT_OBJC_ISA_USAGE = YES_ERROR;
				CLANG_WARN_EMPTY_BODY = YES;
				CLANG_WARN_ENUM_CONVERSION = YES;
				CLANG_WARN_INT_CONVERSION = YES;
				CLANG_WARN_OBJC_ROOT_CLASS = YES_ERROR;
				CLANG_WARN_UNREACHABLE_CODE = YES;
				CLANG_WARN__DUPLICATE_METHOD_MATCH = YES;
				"CODE_SIGN_IDENTITY[sdk=iphoneos*]" = "iPhone Developer";
				COPY_PHASE_STRIP = NO;
				DEBUG_INFORMATION_FORMAT = "dwarf-with-dsym";
				ENABLE_NS_ASSERTIONS = NO;
				ENABLE_STRICT_OBJC_MSGSEND = YES;
				GCC_C_LANGUAGE_STANDARD = gnu99;
				GCC_NO_COMMON_BLOCKS = YES;
				GCC_WARN_64_TO_32_BIT_CONVERSION = YES;
				GCC_WARN_ABOUT_RETURN_TYPE = YES_ERROR;
				GCC_WARN_UNDECLARED_SELECTOR = YES;
				GCC_WARN_UNINITIALIZED_AUTOS = YES_AGGRESSIVE;
				GCC_WARN_UNUSED_FUNCTION = YES;
				GCC_WARN_UNUSED_VARIABLE = YES;
				IPHONEOS_DEPLOYMENT_TARGET = 9.1;
				MTL_ENABLE_DEBUG_INFO = NO;
				SDKROOT = iphoneos;
				TARGETED_DEVICE_FAMILY = "1,2";
				VALIDATE_PRODUCT = YES;
			};
			name = Release;
		};
		89C49CAE1C8C646500A16B83 /* Debug */ = {
			isa = XCBuildConfiguration;
			buildSettings = {
				ASSETCATALOG_COMPILER_APPICON_NAME = AppIcon;
				CODE_SIGN_IDENTITY = "iPhone Developer";
				INFOPLIST_FILE = MAHR/Info.plist;
				IPHONEOS_DEPLOYMENT_TARGET = 7.0;
				LD_RUNPATH_SEARCH_PATHS = "$(inherited) @executable_path/Frameworks";
				PRODUCT_BUNDLE_IDENTIFIER = com.MAHR;
				PRODUCT_NAME = "$(TARGET_NAME)";
			};
			name = Debug;
		};
		89C49CAF1C8C646500A16B83 /* Release */ = {
			isa = XCBuildConfiguration;
			buildSettings = {
				ASSETCATALOG_COMPILER_APPICON_NAME = AppIcon;
				CODE_SIGN_IDENTITY = "iPhone Developer";
				INFOPLIST_FILE = MAHR/Info.plist;
				IPHONEOS_DEPLOYMENT_TARGET = 7.0;
				LD_RUNPATH_SEARCH_PATHS = "$(inherited) @executable_path/Frameworks";
				PRODUCT_BUNDLE_IDENTIFIER = com.MAHR;
				PRODUCT_NAME = "$(TARGET_NAME)";
			};
			name = Release;
		};
/* End XCBuildConfiguration section */

/* Begin XCConfigurationList section */
		89C49C911C8C646500A16B83 /* Build configuration list for PBXProject "MAHR" */ = {
			isa = XCConfigurationList;
			buildConfigurations = (
				89C49CAB1C8C646500A16B83 /* Debug */,
				89C49CAC1C8C646500A16B83 /* Release */,
			);
			defaultConfigurationIsVisible = 0;
			defaultConfigurationName = Release;
		};
		89C49CAD1C8C646500A16B83 /* Build configuration list for PBXNativeTarget "MAHR" */ = {
			isa = XCConfigurationList;
			buildConfigurations = (
				89C49CAE1C8C646500A16B83 /* Debug */,
				89C49CAF1C8C646500A16B83 /* Release */,
			);
			defaultConfigurationIsVisible = 0;
			defaultConfigurationName = Release;
		};
/* End XCConfigurationList section */
	};
	rootObject = 89C49C8E1C8C646500A16B83 /* Project object */;
}
